<?xml version="1.0" encoding="utf-8"?>
<Project ToolsVersion="4.0" xmlns="http://schemas.microsoft.com/developer/msbuild/2003">
  <ItemGroup>
    <Filter Include="Source Files">
      <UniqueIdentifier>{4FC737F1-C7A5-4376-A066-2A32D752A2FF}</UniqueIdentifier>
      <Extensions>cpp;c;cc;cxx;c++;cppm;ixx;def;odl;idl;hpj;bat;asm;asmx</Extensions>
    </Filter>
    <Filter Include="Header Files">
      <UniqueIdentifier>{93995380-89BD-4b04-88EB-625FBE52EBFB}</UniqueIdentifier>
      <Extensions>h;hh;hpp;hxx;h++;hm;inl;inc;ipp;xsd</Extensions>
    </Filter>
    <Filter Include="Resource Files">
      <UniqueIdentifier>{67DA6AB6-F800-4c08-8B7A-83BB121AAD01}</UniqueIdentifier>
      <Extensions>rc;ico;cur;bmp;dlg;rc2;rct;bin;rgs;gif;jpg;jpeg;jpe;resx;tiff;tif;png;wav;mfcribbon-ms</Extensions>
    </Filter>
  </ItemGroup>
  <ItemGroup>
    <ClCompile Include="AutoPublishData.cpp">
      <Filter>Source Files</Filter>
    </ClCompile>
    <ClCompile Include="AutoPublishDlg.cpp">
      <Filter>Source Files</Filter>
    </ClCompile>
    <ClCompile Include="AutoPublishMgr.cpp">
      <Filter>Source Files</Filter>
    </ClCompile>
    <ClCompile Include="BKop.cpp">
      <Filter>Source Files</Filter>
    </ClCompile>
    <ClCompile Include="ChannelChatMgr.cpp">
      <Filter>Source Files</Filter>
    </ClCompile>
    <ClCompile Include="ChannelControl.cpp">
      <Filter>Source Files</Filter>
    </ClCompile>
    <ClCompile Include="ChatMgr.cpp">
      <Filter>Source Files</Filter>
    </ClCompile>
    <ClCompile Include="ColorListBox.cpp">
      <Filter>Source Files</Filter>
    </ClCompile>
    <ClCompile Include="CommandChat.cpp">
      <Filter>Source Files</Filter>
    </ClCompile>
    <ClCompile Include="CommandDropItem.cpp">
      <Filter>Source Files</Filter>
    </ClCompile>
    <ClCompile Include="CommandMgr.cpp">
      <Filter>Source Files</Filter>
    </ClCompile>
    <ClCompile Include="CommandObject.cpp">
      <Filter>Source Files</Filter>
    </ClCompile>
    <ClCompile Include="CommandPickup.cpp">
      <Filter>Source Files</Filter>
    </ClCompile>
    <ClCompile Include="CommandPrivateChat.cpp">
      <Filter>Source Files</Filter>
    </ClCompile>
    <ClCompile Include="CommandUnEquip.cpp">
      <Filter>Source Files</Filter>
    </ClCompile>
    <ClCompile Include="CommandUseItem.cpp">
      <Filter>Source Files</Filter>
    </ClCompile>
    <ClCompile Include="ControlCommand.cpp">
      <Filter>Source Files</Filter>
    </ClCompile>
    <ClCompile Include="DeleteConfirmDlg.cpp">
      <Filter>Source Files</Filter>
    </ClCompile>
    <ClCompile Include="EquipObject.cpp">
      <Filter>Source Files</Filter>
    </ClCompile>
    <ClCompile Include="FixedSplitter.cpp">
      <Filter>Source Files</Filter>
    </ClCompile>
    <ClCompile Include="GameThread.cpp">
      <Filter>Source Files</Filter>
    </ClCompile>
    <ClCompile Include="GroundObject.cpp">
      <Filter>Source Files</Filter>
    </ClCompile>
    <ClCompile Include="ItemDataMgr.cpp">
      <Filter>Source Files</Filter>
    </ClCompile>
    <ClCompile Include="ItemInfo.cpp">
      <Filter>Source Files</Filter>
    </ClCompile>
    <ClCompile Include="ItemObject.cpp">
      <Filter>Source Files</Filter>
    </ClCompile>
    <ClCompile Include="ItemsPage.cpp">
      <Filter>Source Files</Filter>
    </ClCompile>
    <ClCompile Include="ItemView.cpp">
      <Filter>Source Files</Filter>
    </ClCompile>
    <ClCompile Include="KopMap.cpp">
      <Filter>Source Files</Filter>
    </ClCompile>
    <ClCompile Include="LoginData.cpp">
      <Filter>Source Files</Filter>
    </ClCompile>
    <ClCompile Include="LoginPage.cpp">
      <Filter>Source Files</Filter>
    </ClCompile>
    <ClCompile Include="MainFrm.cpp">
      <Filter>Source Files</Filter>
    </ClCompile>
    <ClCompile Include="MainView.cpp">
      <Filter>Source Files</Filter>
    </ClCompile>
    <ClCompile Include="MapPage.cpp">
      <Filter>Source Files</Filter>
    </ClCompile>
    <ClCompile Include="MonsterObject.cpp">
      <Filter>Source Files</Filter>
    </ClCompile>
    <ClCompile Include="MonsterType.cpp">
      <Filter>Source Files</Filter>
    </ClCompile>
    <ClCompile Include="NetIF.cpp">
      <Filter>Source Files</Filter>
    </ClCompile>
    <ClCompile Include="NetModule.cpp">
      <Filter>Source Files</Filter>
    </ClCompile>
    <ClCompile Include="NormalTalkSessionPage.cpp">
      <Filter>Source Files</Filter>
    </ClCompile>
    <ClCompile Include="NPCObject.cpp">
      <Filter>Source Files</Filter>
    </ClCompile>
    <ClCompile Include="NPCPage.cpp">
      <Filter>Source Files</Filter>
    </ClCompile>
    <ClCompile Include="PacketObject.cpp">
      <Filter>Source Files</Filter>
    </ClCompile>
    <ClCompile Include="Player.cpp">
      <Filter>Source Files</Filter>
    </ClCompile>
    <ClCompile Include="PlayerMessage.cpp">
      <Filter>Source Files</Filter>
    </ClCompile>
    <ClCompile Include="PlayerMessageInfo.cpp">
      <Filter>Source Files</Filter>
    </ClCompile>
    <ClCompile Include="PlayerMgr.cpp">
      <Filter>Source Files</Filter>
    </ClCompile>
    <ClCompile Include="PlayerObject.cpp">
      <Filter>Source Files</Filter>
    </ClCompile>
    <ClCompile Include="PlayerOption.cpp">
      <Filter>Source Files</Filter>
    </ClCompile>
    <ClCompile Include="PrivateRivalMgr.cpp">
      <Filter>Source Files</Filter>
    </ClCompile>
    <ClCompile Include="PrivateTalkSessionPage.cpp">
      <Filter>Source Files</Filter>
    </ClCompile>
    <ClCompile Include="Receivers.cpp">
      <Filter>Source Files</Filter>
    </ClCompile>
    <ClCompile Include="RoleList.cpp">
      <Filter>Source Files</Filter>
    </ClCompile>
    <ClCompile Include="RoleMgr.cpp">
      <Filter>Source Files</Filter>
    </ClCompile>
    <ClCompile Include="RoleObject.cpp">
      <Filter>Source Files</Filter>
    </ClCompile>
    <ClCompile Include="RolePage.cpp">
      <Filter>Source Files</Filter>
    </ClCompile>
    <ClCompile Include="ScriptPage.cpp">
      <Filter>Source Files</Filter>
    </ClCompile>
    <ClCompile Include="SelfObject.cpp">
      <Filter>Source Files</Filter>
    </ClCompile>
    <ClCompile Include="Sender.cpp">
      <Filter>Source Files</Filter>
    </ClCompile>
    <ClCompile Include="ServerMgr.cpp">
      <Filter>Source Files</Filter>
    </ClCompile>
    <ClCompile Include="SetupPage.cpp">
      <Filter>Source Files</Filter>
    </ClCompile>
    <ClCompile Include="stdafx.cpp">
      <Filter>Source Files</Filter>
    </ClCompile>
    <ClCompile Include="SurroundPage.cpp">
      <Filter>Source Files</Filter>
    </ClCompile>
    <ClCompile Include="SystemInfo.cpp">
      <Filter>Source Files</Filter>
    </ClCompile>
    <ClCompile Include="SystemPage.cpp">
      <Filter>Source Files</Filter>
    </ClCompile>
    <ClCompile Include="TalkPage.cpp">
      <Filter>Source Files</Filter>
    </ClCompile>
    <ClCompile Include="TalkSessionBase.cpp">
      <Filter>Source Files</Filter>
    </ClCompile>
    <ClCompile Include="TeleTable.cpp">
      <Filter>Source Files</Filter>
    </ClCompile>
    <ClCompile Include="TotalTalkSessionPage.cpp">
      <Filter>Source Files</Filter>
    </ClCompile>
  </ItemGroup>
  <ItemGroup>
    <ClInclude Include="Algo.h">
      <Filter>Header Files</Filter>
    </ClInclude>
    <ClInclude Include="AutoPublishData.h">
      <Filter>Header Files</Filter>
    </ClInclude>
    <ClInclude Include="AutoPublishDlg.h">
      <Filter>Header Files</Filter>
    </ClInclude>
    <ClInclude Include="AutoPublishMgr.h">
      <Filter>Header Files</Filter>
    </ClInclude>
    <ClInclude Include="BKop.h">
      <Filter>Header Files</Filter>
    </ClInclude>
    <ClInclude Include="ChannelChatMgr.h">
      <Filter>Header Files</Filter>
    </ClInclude>
    <ClInclude Include="ChannelControl.h">
      <Filter>Header Files</Filter>
    </ClInclude>
    <ClInclude Include="ChatMgr.h">
      <Filter>Header Files</Filter>
    </ClInclude>
    <ClInclude Include="ColorListBox.h">
      <Filter>Header Files</Filter>
    </ClInclude>
    <ClInclude Include="CommandChat.h">
      <Filter>Header Files</Filter>
    </ClInclude>
    <ClInclude Include="CommandDropItem.h">
      <Filter>Header Files</Filter>
    </ClInclude>
    <ClInclude Include="CommandMgr.h">
      <Filter>Header Files</Filter>
    </ClInclude>
    <ClInclude Include="CommandObject.h">
      <Filter>Header Files</Filter>
    </ClInclude>
    <ClInclude Include="CommandPickup.h">
      <Filter>Header Files</Filter>
    </ClInclude>
    <ClInclude Include="CommandPrivateChat.h">
      <Filter>Header Files</Filter>
    </ClInclude>
    <ClInclude Include="CommandUnEquip.h">
      <Filter>Header Files</Filter>
    </ClInclude>
    <ClInclude Include="CommandUseItem.h">
      <Filter>Header Files</Filter>
    </ClInclude>
    <ClInclude Include="CommonHeader.h">
      <Filter>Header Files</Filter>
    </ClInclude>
    <ClInclude Include="ControlCommand.h">
      <Filter>Header Files</Filter>
    </ClInclude>
    <ClInclude Include="DeleteConfirmDlg.h">
      <Filter>Header Files</Filter>
    </ClInclude>
    <ClInclude Include="EquipObject.h">
      <Filter>Header Files</Filter>
    </ClInclude>
    <ClInclude Include="FixedSplitter.h">
      <Filter>Header Files</Filter>
    </ClInclude>
    <ClInclude Include="GameThread.h">
      <Filter>Header Files</Filter>
    </ClInclude>
    <ClInclude Include="GroundObject.h">
      <Filter>Header Files</Filter>
    </ClInclude>
    <ClInclude Include="ItemDataMgr.h">
      <Filter>Header Files</Filter>
    </ClInclude>
    <ClInclude Include="ItemInfo.h">
      <Filter>Header Files</Filter>
    </ClInclude>
    <ClInclude Include="ItemObject.h">
      <Filter>Header Files</Filter>
    </ClInclude>
    <ClInclude Include="ItemsPage.h">
      <Filter>Header Files</Filter>
    </ClInclude>
    <ClInclude Include="ItemView.h">
      <Filter>Header Files</Filter>
    </ClInclude>
    <ClInclude Include="KopMap.h">
      <Filter>Header Files</Filter>
    </ClInclude>
    <ClInclude Include="LoginData.h">
      <Filter>Header Files</Filter>
    </ClInclude>
    <ClInclude Include="LoginPage.h">
      <Filter>Header Files</Filter>
    </ClInclude>
    <ClInclude Include="MainFrm.h">
      <Filter>Header Files</Filter>
    </ClInclude>
    <ClInclude Include="MainView.h">
      <Filter>Header Files</Filter>
    </ClInclude>
    <ClInclude Include="MapPage.h">
      <Filter>Header Files</Filter>
    </ClInclude>
    <ClInclude Include="MonsterObject.h">
      <Filter>Header Files</Filter>
    </ClInclude>
    <ClInclude Include="MonsterType.h">
      <Filter>Header Files</Filter>
    </ClInclude>
    <ClInclude Include="NetIF.h">
      <Filter>Header Files</Filter>
    </ClInclude>
    <ClInclude Include="NetModule.h">
      <Filter>Header Files</Filter>
    </ClInclude>
    <ClInclude Include="NormalTalkSessionPage.h">
      <Filter>Header Files</Filter>
    </ClInclude>
    <ClInclude Include="NPCObject.h">
      <Filter>Header Files</Filter>
    </ClInclude>
    <ClInclude Include="NPCPage.h">
      <Filter>Header Files</Filter>
    </ClInclude>
    <ClInclude Include="PacketObject.h">
      <Filter>Header Files</Filter>
    </ClInclude>
    <ClInclude Include="Player.h">
      <Filter>Header Files</Filter>
    </ClInclude>
    <ClInclude Include="PlayerMessage.h">
      <Filter>Header Files</Filter>
    </ClInclude>
    <ClInclude Include="PlayerMessageInfo.h">
      <Filter>Header Files</Filter>
    </ClInclude>
    <ClInclude Include="PlayerMgr.h">
      <Filter>Header Files</Filter>
    </ClInclude>
    <ClInclude Include="PlayerObject.h">
      <Filter>Header Files</Filter>
    </ClInclude>
    <ClInclude Include="PlayerOption.h">
      <Filter>Header Files</Filter>
    </ClInclude>
    <ClInclude Include="PrivateRivalMgr.h">
      <Filter>Header Files</Filter>
    </ClInclude>
    <ClInclude Include="PrivateTalkSessionPage.h">
      <Filter>Header Files</Filter>
    </ClInclude>
    <ClInclude Include="Receivers.h">
      <Filter>Header Files</Filter>
    </ClInclude>
    <ClInclude Include="Resource.h">
      <Filter>Header Files</Filter>
    </ClInclude>
    <ClInclude Include="RoleList.h">
      <Filter>Header Files</Filter>
    </ClInclude>
    <ClInclude Include="RoleMgr.h">
      <Filter>Header Files</Filter>
    </ClInclude>
    <ClInclude Include="RoleObject.h">
      <Filter>Header Files</Filter>
    </ClInclude>
    <ClInclude Include="RolePage.h">
      <Filter>Header Files</Filter>
    </ClInclude>
    <ClInclude Include="ScriptPage.h">
      <Filter>Header Files</Filter>
    </ClInclude>
    <ClInclude Include="SelfObject.h">
      <Filter>Header Files</Filter>
    </ClInclude>
    <ClInclude Include="Sender.h">
      <Filter>Header Files</Filter>
    </ClInclude>
    <ClInclude Include="ServerHeader.h">
      <Filter>Header Files</Filter>
    </ClInclude>
    <ClInclude Include="ServerMgr.h">
      <Filter>Header Files</Filter>
    </ClInclude>
    <ClInclude Include="SetupPage.h">
      <Filter>Header Files</Filter>
    </ClInclude>
    <ClInclude Include="stdafx.h">
      <Filter>Header Files</Filter>
    </ClInclude>
    <ClInclude Include="SurroundPage.h">
      <Filter>Header Files</Filter>
    </ClInclude>
    <ClInclude Include="SystemInfo.h">
      <Filter>Header Files</Filter>
    </ClInclude>
    <ClInclude Include="SystemPage.h">
      <Filter>Header Files</Filter>
    </ClInclude>
    <ClInclude Include="TalkPage.h">
      <Filter>Header Files</Filter>
    </ClInclude>
    <ClInclude Include="TalkSessionBase.h">
      <Filter>Header Files</Filter>
    </ClInclude>
    <ClInclude Include="TeleTable.h">
      <Filter>Header Files</Filter>
    </ClInclude>
    <ClInclude Include="TotalTalkSessionPage.h">
      <Filter>Header Files</Filter>
    </ClInclude>
  </ItemGroup>
  <ItemGroup>
    <ResourceCompile Include="BKop.rc">
      <Filter>Resource Files</Filter>
    </ResourceCompile>
  </ItemGroup>
  <ItemGroup>
    <Image Include="res\BKop.ico">
      <Filter>Resource Files</Filter>
    </Image>
  </ItemGroup>
</Project>