<?xml version="1.0" encoding="utf-8"?>
<Project ToolsVersion="4.0" xmlns="http://schemas.microsoft.com/developer/msbuild/2003">
  <ItemGroup>
    <Filter Include="Source Files">
      <UniqueIdentifier>{4FC737F1-C7A5-4376-A066-2A32D752A2FF}</UniqueIdentifier>
      <Extensions>cpp;c;cc;cxx;c++;cppm;ixx;def;odl;idl;hpj;bat;asm;asmx</Extensions>
    </Filter>
    <Filter Include="Header Files">
      <UniqueIdentifier>{93995380-89BD-4b04-88EB-625FBE52EBFB}</UniqueIdentifier>
      <Extensions>h;hh;hpp;hxx;h++;hm;inl;inc;ipp;xsd</Extensions>
    </Filter>
    <Filter Include="Resource Files">
      <UniqueIdentifier>{67DA6AB6-F800-4c08-8B7A-83BB121AAD01}</UniqueIdentifier>
      <Extensions>rc;ico;cur;bmp;dlg;rc2;rct;bin;rgs;gif;jpg;jpeg;jpe;resx;tiff;tif;png;wav;mfcribbon-ms</Extensions>
    </Filter>
  </ItemGroup>
  <ItemGroup>
    <ClInclude Include="AreaRecord.h">
      <Filter>Header Files</Filter>
    </ClInclude>
    <ClInclude Include="ChaAction.h">
      <Filter>Header Files</Filter>
    </ClInclude>
    <ClInclude Include="ChaAttr.h">
      <Filter>Header Files</Filter>
    </ClInclude>
    <ClInclude Include="ChaAttrType.h">
      <Filter>Header Files</Filter>
    </ClInclude>
    <ClInclude Include="ChaMask.h">
      <Filter>Header Files</Filter>
    </ClInclude>
    <ClInclude Include="CharacterRecord.h">
      <Filter>Header Files</Filter>
    </ClInclude>
    <ClInclude Include="commfunc.h">
      <Filter>Header Files</Filter>
    </ClInclude>
    <ClInclude Include="CompCommand.h">
      <Filter>Header Files</Filter>
    </ClInclude>
    <ClInclude Include="EventRecord.h">
      <Filter>Header Files</Filter>
    </ClInclude>
    <ClInclude Include="GameCommon.h">
      <Filter>Header Files</Filter>
    </ClInclude>
    <ClInclude Include="HairRecord.h">
      <Filter>Header Files</Filter>
    </ClInclude>
    <ClInclude Include="i18n.h">
      <Filter>Header Files</Filter>
    </ClInclude>
    <ClInclude Include="ItemAttr.h">
      <Filter>Header Files</Filter>
    </ClInclude>
    <ClInclude Include="ItemAttrType.h">
      <Filter>Header Files</Filter>
    </ClInclude>
    <ClInclude Include="ItemContent.h">
      <Filter>Header Files</Filter>
    </ClInclude>
    <ClInclude Include="ItemRecord.h">
      <Filter>Header Files</Filter>
    </ClInclude>
    <ClInclude Include="JobInitEquip.h">
      <Filter>Header Files</Filter>
    </ClInclude>
    <ClInclude Include="JobType.h">
      <Filter>Header Files</Filter>
    </ClInclude>
    <ClInclude Include="Kitbag.h">
      <Filter>Header Files</Filter>
    </ClInclude>
    <ClInclude Include="KitbagEnCode.h">
      <Filter>Header Files</Filter>
    </ClInclude>
    <ClInclude Include="LevelRecord.h">
      <Filter>Header Files</Filter>
    </ClInclude>
    <ClInclude Include="LifeLvRecord.h">
      <Filter>Header Files</Filter>
    </ClInclude>
    <ClInclude Include="LogFile.h">
      <Filter>Header Files</Filter>
    </ClInclude>
    <ClInclude Include="MapCopyRecord.h">
      <Filter>Header Files</Filter>
    </ClInclude>
    <ClInclude Include="memcheck.h">
      <Filter>Header Files</Filter>
    </ClInclude>
    <ClInclude Include="MonRefRecord.h">
      <Filter>Header Files</Filter>
    </ClInclude>
    <ClInclude Include="NetCommand.h">
      <Filter>Header Files</Filter>
    </ClInclude>
    <ClInclude Include="NetRetCode.h">
      <Filter>Header Files</Filter>
    </ClInclude>
    <ClInclude Include="NoLockRecord.h">
      <Filter>Header Files</Filter>
    </ClInclude>
    <ClInclude Include="NpcRecord.h">
      <Filter>Header Files</Filter>
    </ClInclude>
    <ClInclude Include="RoleCommon.h">
      <Filter>Header Files</Filter>
    </ClInclude>
    <ClInclude Include="SailLvRecord.h">
      <Filter>Header Files</Filter>
    </ClInclude>
    <ClInclude Include="ShipSet.h">
      <Filter>Header Files</Filter>
    </ClInclude>
    <ClInclude Include="SkillBag.h">
      <Filter>Header Files</Filter>
    </ClInclude>
    <ClInclude Include="SkillRecord.h">
      <Filter>Header Files</Filter>
    </ClInclude>
    <ClInclude Include="SkillStateRecord.h">
      <Filter>Header Files</Filter>
    </ClInclude>
    <ClInclude Include="SkillStateType.h">
      <Filter>Header Files</Filter>
    </ClInclude>
    <ClInclude Include="StringLib.h">
      <Filter>Header Files</Filter>
    </ClInclude>
    <ClInclude Include="StringPoolL.h">
      <Filter>Header Files</Filter>
    </ClInclude>
    <ClInclude Include="SwitchMapRecord.h">
      <Filter>Header Files</Filter>
    </ClInclude>
    <ClInclude Include="TableData.h">
      <Filter>Header Files</Filter>
    </ClInclude>
    <ClInclude Include="TerrainAttrib.h">
      <Filter>Header Files</Filter>
    </ClInclude>
    <ClInclude Include="ToolClass.h">
      <Filter>Header Files</Filter>
    </ClInclude>
    <ClInclude Include="Point.h">
      <Filter>Header Files</Filter>
    </ClInclude>
    <ClInclude Include="conformity.h">
      <Filter>Header Files</Filter>
    </ClInclude>
    <ClInclude Include="EnumSQLStatements.h">
      <Filter>Header Files</Filter>
    </ClInclude>
    <ClInclude Include="discord_rpc.h">
      <Filter>Header Files</Filter>
    </ClInclude>
    <ClInclude Include="discord_register.h">
      <Filter>Header Files</Filter>
    </ClInclude>
  </ItemGroup>
  <ItemGroup>
    <ClCompile Include="ChaAttr.cpp">
      <Filter>Source Files</Filter>
    </ClCompile>
    <ClCompile Include="ChaMask.cpp">
      <Filter>Source Files</Filter>
    </ClCompile>
    <ClCompile Include="CharacterRecord.cpp">
      <Filter>Source Files</Filter>
    </ClCompile>
    <ClCompile Include="CommFunc.cpp">
      <Filter>Source Files</Filter>
    </ClCompile>
    <ClCompile Include="EventRecord.cpp">
      <Filter>Source Files</Filter>
    </ClCompile>
    <ClCompile Include="HairRecord.cpp">
      <Filter>Source Files</Filter>
    </ClCompile>
    <ClCompile Include="i18n.cpp">
      <Filter>Source Files</Filter>
    </ClCompile>
    <ClCompile Include="ItemAttr.cpp">
      <Filter>Source Files</Filter>
    </ClCompile>
    <ClCompile Include="ItemContent.cpp">
      <Filter>Source Files</Filter>
    </ClCompile>
    <ClCompile Include="ItemRecord.cpp">
      <Filter>Source Files</Filter>
    </ClCompile>
    <ClCompile Include="JobInitEquip.cpp">
      <Filter>Source Files</Filter>
    </ClCompile>
    <ClCompile Include="Kitbag.cpp">
      <Filter>Source Files</Filter>
    </ClCompile>
    <ClCompile Include="LevelRecord.cpp">
      <Filter>Source Files</Filter>
    </ClCompile>
    <ClCompile Include="LifeLvRecord.cpp">
      <Filter>Source Files</Filter>
    </ClCompile>
    <ClCompile Include="LogFile.cpp">
      <Filter>Source Files</Filter>
    </ClCompile>
    <ClCompile Include="MapCopyRecord.cpp">
      <Filter>Source Files</Filter>
    </ClCompile>
    <ClCompile Include="memcheck.cpp">
      <Filter>Source Files</Filter>
    </ClCompile>
    <ClCompile Include="MonRefRecord.cpp">
      <Filter>Source Files</Filter>
    </ClCompile>
    <ClCompile Include="NetCommand.cpp">
      <Filter>Source Files</Filter>
    </ClCompile>
    <ClCompile Include="NoLockRecord.cpp">
      <Filter>Source Files</Filter>
    </ClCompile>
    <ClCompile Include="NpcRecord.cpp">
      <Filter>Source Files</Filter>
    </ClCompile>
    <ClCompile Include="SailLvRecord.cpp">
      <Filter>Source Files</Filter>
    </ClCompile>
    <ClCompile Include="ShipSet.cpp">
      <Filter>Source Files</Filter>
    </ClCompile>
    <ClCompile Include="SkillRecord.cpp">
      <Filter>Source Files</Filter>
    </ClCompile>
    <ClCompile Include="SkillStateRecord.cpp">
      <Filter>Source Files</Filter>
    </ClCompile>
    <ClCompile Include="stringlib.cpp">
      <Filter>Source Files</Filter>
    </ClCompile>
    <ClCompile Include="stringpooll.cpp">
      <Filter>Source Files</Filter>
    </ClCompile>
    <ClCompile Include="SwitchMapRecord.cpp">
      <Filter>Source Files</Filter>
    </ClCompile>
    <ClCompile Include="TerrainAttrib.cpp">
      <Filter>Source Files</Filter>
    </ClCompile>
    <ClCompile Include="Point.cpp">
      <Filter>Source Files</Filter>
    </ClCompile>
  </ItemGroup>
</Project>