<?xml version="1.0" encoding="utf-8"?>
<Project ToolsVersion="4.0" xmlns="http://schemas.microsoft.com/developer/msbuild/2003">
  <ItemGroup>
    <Filter Include="Source Files">
      <UniqueIdentifier>{4FC737F1-C7A5-4376-A066-2A32D752A2FF}</UniqueIdentifier>
      <Extensions>cpp;c;cc;cxx;c++;cppm;ixx;def;odl;idl;hpj;bat;asm;asmx</Extensions>
    </Filter>
    <Filter Include="Header Files">
      <UniqueIdentifier>{93995380-89BD-4b04-88EB-625FBE52EBFB}</UniqueIdentifier>
      <Extensions>h;hh;hpp;hxx;h++;hm;inl;inc;ipp;xsd</Extensions>
    </Filter>
    <Filter Include="Resource Files">
      <UniqueIdentifier>{67DA6AB6-F800-4c08-8B7A-83BB121AAD01}</UniqueIdentifier>
      <Extensions>rc;ico;cur;bmp;dlg;rc2;rct;bin;rgs;gif;jpg;jpeg;jpe;resx;tiff;tif;png;wav;mfcribbon-ms</Extensions>
    </Filter>
  </ItemGroup>
  <ItemGroup>
    <ClCompile Include="AniFile.cpp">
      <Filter>Source Files</Filter>
    </ClCompile>
    <ClCompile Include="Blk.cpp">
      <Filter>Source Files</Filter>
    </ClCompile>
    <ClCompile Include="Color.cpp">
      <Filter>Source Files</Filter>
    </ClCompile>
    <ClCompile Include="d3dfont.cpp">
      <Filter>Source Files</Filter>
    </ClCompile>
    <ClCompile Include="d3dutil.cpp">
      <Filter>Source Files</Filter>
    </ClCompile>
    <ClCompile Include="drAnimCtrl.cpp">
      <Filter>Source Files</Filter>
    </ClCompile>
    <ClCompile Include="drAnimCtrlObj.cpp">
      <Filter>Source Files</Filter>
    </ClCompile>
    <ClCompile Include="drAnimKeySetPRS.cpp">
      <Filter>Source Files</Filter>
    </ClCompile>
    <ClCompile Include="drBitmap.cpp">
      <Filter>Source Files</Filter>
    </ClCompile>
    <ClCompile Include="drCamera.cpp">
      <Filter>Source Files</Filter>
    </ClCompile>
    <ClCompile Include="drConsole.cpp">
      <Filter>Source Files</Filter>
    </ClCompile>
    <ClCompile Include="drCoordinateSys.cpp">
      <Filter>Source Files</Filter>
    </ClCompile>
    <ClCompile Include="drD3DSettings.cpp">
      <Filter>Source Files</Filter>
    </ClCompile>
    <ClCompile Include="drDDSFile.cpp">
      <Filter>Source Files</Filter>
    </ClCompile>
    <ClCompile Include="drdeviceobject.cpp">
      <Filter>Source Files</Filter>
    </ClCompile>
    <ClCompile Include="drDirectoryBrowser.cpp">
      <Filter>Source Files</Filter>
    </ClCompile>
    <ClCompile Include="drEfxTrack.cpp">
      <Filter>Source Files</Filter>
    </ClCompile>
    <ClCompile Include="drExpObj.cpp">
      <Filter>Source Files</Filter>
    </ClCompile>
    <ClCompile Include="drFile.cpp">
      <Filter>Source Files</Filter>
    </ClCompile>
    <ClCompile Include="drFileEncode.cpp">
      <Filter>Source Files</Filter>
    </ClCompile>
    <ClCompile Include="drFileStream.cpp">
      <Filter>Source Files</Filter>
    </ClCompile>
    <ClCompile Include="drFileutil.cpp">
      <Filter>Source Files</Filter>
    </ClCompile>
    <ClCompile Include="drgraphicsutil.cpp">
      <Filter>Source Files</Filter>
    </ClCompile>
    <ClCompile Include="drGuidObj.cpp">
      <Filter>Source Files</Filter>
    </ClCompile>
    <ClCompile Include="drHeap.cpp">
      <Filter>Source Files</Filter>
    </ClCompile>
    <ClCompile Include="drHelperGeometry.cpp">
      <Filter>Source Files</Filter>
    </ClCompile>
    <ClCompile Include="drIFunc.cpp">
      <Filter>Source Files</Filter>
    </ClCompile>
    <ClCompile Include="drInterface.cpp">
      <Filter>Source Files</Filter>
    </ClCompile>
    <ClCompile Include="drItem.cpp">
      <Filter>Source Files</Filter>
    </ClCompile>
    <ClCompile Include="drIUtil.cpp">
      <Filter>Source Files</Filter>
    </ClCompile>
    <ClCompile Include="drmath.cpp">
      <Filter>Source Files</Filter>
    </ClCompile>
    <ClCompile Include="drMisc.cpp">
      <Filter>Source Files</Filter>
    </ClCompile>
    <ClCompile Include="drModel.cpp">
      <Filter>Source Files</Filter>
    </ClCompile>
    <ClCompile Include="drNodeObject.cpp">
      <Filter>Source Files</Filter>
    </ClCompile>
    <ClCompile Include="drObjectMethod.cpp">
      <Filter>Source Files</Filter>
    </ClCompile>
    <ClCompile Include="drObjectPool.cpp">
      <Filter>Source Files</Filter>
    </ClCompile>
    <ClCompile Include="drPathInfo.cpp">
      <Filter>Source Files</Filter>
    </ClCompile>
    <ClCompile Include="drPhysique.cpp">
      <Filter>Source Files</Filter>
    </ClCompile>
    <ClCompile Include="drposectrl.cpp">
      <Filter>Source Files</Filter>
    </ClCompile>
    <ClCompile Include="drprimitive.cpp">
      <Filter>Source Files</Filter>
    </ClCompile>
    <ClCompile Include="drPrimitiveHelper.cpp">
      <Filter>Source Files</Filter>
    </ClCompile>
    <ClCompile Include="drRenderCtrlEmb.cpp">
      <Filter>Source Files</Filter>
    </ClCompile>
    <ClCompile Include="drRenderImp.cpp">
      <Filter>Source Files</Filter>
    </ClCompile>
    <ClCompile Include="drresourcemgr.cpp">
      <Filter>Source Files</Filter>
    </ClCompile>
    <ClCompile Include="drSceneMgr.cpp">
      <Filter>Source Files</Filter>
    </ClCompile>
    <ClCompile Include="drShaderDeclMgr.cpp">
      <Filter>Source Files</Filter>
    </ClCompile>
    <ClCompile Include="drShaderMgr.cpp">
      <Filter>Source Files</Filter>
    </ClCompile>
    <ClCompile Include="drStreamObj.cpp">
      <Filter>Source Files</Filter>
    </ClCompile>
    <ClCompile Include="drSysCharacter.cpp">
      <Filter>Source Files</Filter>
    </ClCompile>
    <ClCompile Include="drSysGraphics.cpp">
      <Filter>Source Files</Filter>
    </ClCompile>
    <ClCompile Include="drSystem.cpp">
      <Filter>Source Files</Filter>
    </ClCompile>
    <ClCompile Include="drSystemInfo.cpp">
      <Filter>Source Files</Filter>
    </ClCompile>
    <ClCompile Include="drThreadPool.cpp">
      <Filter>Source Files</Filter>
    </ClCompile>
    <ClCompile Include="drTimer.cpp">
      <Filter>Source Files</Filter>
    </ClCompile>
    <ClCompile Include="drTreeNode.cpp">
      <Filter>Source Files</Filter>
    </ClCompile>
    <ClCompile Include="drViewFrustum.cpp">
      <Filter>Source Files</Filter>
    </ClCompile>
    <ClCompile Include="drxRenderCtrVS.cpp">
      <Filter>Source Files</Filter>
    </ClCompile>
    <ClCompile Include="dxutil.cpp">
      <Filter>Source Files</Filter>
    </ClCompile>
    <ClCompile Include="EffectFile.cpp">
      <Filter>Source Files</Filter>
    </ClCompile>
    <ClCompile Include="Frames.cpp">
      <Filter>Source Files</Filter>
    </ClCompile>
    <ClCompile Include="Frustum.cpp">
      <Filter>Source Files</Filter>
    </ClCompile>
    <ClCompile Include="Heightmap.cpp">
      <Filter>Source Files</Filter>
    </ClCompile>
    <ClCompile Include="I_Effect.cpp">
      <Filter>Source Files</Filter>
    </ClCompile>
    <ClCompile Include="LECamera.cpp">
      <Filter>Source Files</Filter>
    </ClCompile>
    <ClCompile Include="LECharacter.cpp">
      <Filter>Source Files</Filter>
    </ClCompile>
    <ClCompile Include="LEColorValue.cpp">
      <Filter>Source Files</Filter>
    </ClCompile>
    <ClCompile Include="LEConsole.cpp">
      <Filter>Source Files</Filter>
    </ClCompile>
    <ClCompile Include="LEDataStream.cpp">
      <Filter>Source Files</Filter>
    </ClCompile>
    <ClCompile Include="LEEffectCtrl.cpp">
      <Filter>Source Files</Filter>
    </ClCompile>
    <ClCompile Include="LEEffectMath.cpp">
      <Filter>Source Files</Filter>
    </ClCompile>
    <ClCompile Include="LEEffQuaternion.cpp">
      <Filter>Source Files</Filter>
    </ClCompile>
    <ClCompile Include="LEEffVector3.cpp">
      <Filter>Source Files</Filter>
    </ClCompile>
    <ClCompile Include="LEFont.cpp">
      <Filter>Source Files</Filter>
    </ClCompile>
    <ClCompile Include="LEGameApp.cpp">
      <Filter>Source Files</Filter>
    </ClCompile>
    <ClCompile Include="LEMap.cpp">
      <Filter>Source Files</Filter>
    </ClCompile>
    <ClCompile Include="LEMapData.cpp">
      <Filter>Source Files</Filter>
    </ClCompile>
    <ClCompile Include="LEMath.cpp">
      <Filter>Source Files</Filter>
    </ClCompile>
    <ClCompile Include="LEModelEff.cpp">
      <Filter>Source Files</Filter>
    </ClCompile>
    <ClCompile Include="LEParticleCtrl.cpp">
      <Filter>Source Files</Filter>
    </ClCompile>
    <ClCompile Include="LEParticleSys.cpp">
      <Filter>Source Files</Filter>
    </ClCompile>
    <ClCompile Include="LERender.cpp">
      <Filter>Source Files</Filter>
    </ClCompile>
    <ClCompile Include="LEResManger.cpp">
      <Filter>Source Files</Filter>
    </ClCompile>
    <ClCompile Include="LESceneItem.cpp">
      <Filter>Source Files</Filter>
    </ClCompile>
    <ClCompile Include="LESceneObject.cpp">
      <Filter>Source Files</Filter>
    </ClCompile>
    <ClCompile Include="LEShadeMap.cpp">
      <Filter>Source Files</Filter>
    </ClCompile>
    <ClCompile Include="LESkyBox.cpp">
      <Filter>Source Files</Filter>
    </ClCompile>
    <ClCompile Include="LEStringUtil.cpp">
      <Filter>Source Files</Filter>
    </ClCompile>
    <ClCompile Include="LETile.cpp">
      <Filter>Source Files</Filter>
    </ClCompile>
    <ClCompile Include="mygraph.cpp">
      <Filter>Source Files</Filter>
    </ClCompile>
    <ClCompile Include="ShaderLoad.cpp">
      <Filter>Source Files</Filter>
    </ClCompile>
    <ClCompile Include="Singleton.cpp">
      <Filter>Source Files</Filter>
    </ClCompile>
    <ClCompile Include="stdafx.cpp">
      <Filter>Source Files</Filter>
    </ClCompile>
    <ClCompile Include="Terrain.cpp">
      <Filter>Source Files</Filter>
    </ClCompile>
    <ClCompile Include="Texture.cpp">
      <Filter>Source Files</Filter>
    </ClCompile>
    <ClCompile Include="TextureManager.cpp">
      <Filter>Source Files</Filter>
    </ClCompile>
    <ClCompile Include="TgaCore.cpp">
      <Filter>Source Files</Filter>
    </ClCompile>
    <ClCompile Include="ViM_helper.cpp">
      <Filter>Source Files</Filter>
    </ClCompile>
    <ClCompile Include="ZRBlock.cpp">
      <Filter>Source Files</Filter>
    </ClCompile>
  </ItemGroup>
  <ItemGroup>
    <ClInclude Include="AniFile.h">
      <Filter>Header Files</Filter>
    </ClInclude>
    <ClInclude Include="Blk.h">
      <Filter>Header Files</Filter>
    </ClInclude>
    <ClInclude Include="Color.h">
      <Filter>Header Files</Filter>
    </ClInclude>
    <ClInclude Include="d3dfont.h">
      <Filter>Header Files</Filter>
    </ClInclude>
    <ClInclude Include="d3dutil.h">
      <Filter>Header Files</Filter>
    </ClInclude>
    <ClInclude Include="drAnimCtrl.h">
      <Filter>Header Files</Filter>
    </ClInclude>
    <ClInclude Include="drAnimCtrlObj.h">
      <Filter>Header Files</Filter>
    </ClInclude>
    <ClInclude Include="drAnimKeySetPRS.h">
      <Filter>Header Files</Filter>
    </ClInclude>
    <ClInclude Include="drBitmap.h">
      <Filter>Header Files</Filter>
    </ClInclude>
    <ClInclude Include="drCamera.h">
      <Filter>Header Files</Filter>
    </ClInclude>
    <ClInclude Include="drclassdecl.h">
      <Filter>Header Files</Filter>
    </ClInclude>
    <ClInclude Include="drConsole.h">
      <Filter>Header Files</Filter>
    </ClInclude>
    <ClInclude Include="drCoordinateSys.h">
      <Filter>Header Files</Filter>
    </ClInclude>
    <ClInclude Include="drd3d.h">
      <Filter>Header Files</Filter>
    </ClInclude>
    <ClInclude Include="drD3DSettings.h">
      <Filter>Header Files</Filter>
    </ClInclude>
    <ClInclude Include="drDDS.h">
      <Filter>Header Files</Filter>
    </ClInclude>
    <ClInclude Include="drDDSFile.h">
      <Filter>Header Files</Filter>
    </ClInclude>
    <ClInclude Include="drDeviceObject.h">
      <Filter>Header Files</Filter>
    </ClInclude>
    <ClInclude Include="drDirectoryBrowser.h">
      <Filter>Header Files</Filter>
    </ClInclude>
    <ClInclude Include="drDirectX.h">
      <Filter>Header Files</Filter>
    </ClInclude>
    <ClInclude Include="drEfxTrack.h">
      <Filter>Header Files</Filter>
    </ClInclude>
    <ClInclude Include="drerrorcode.h">
      <Filter>Header Files</Filter>
    </ClInclude>
    <ClInclude Include="drExpObj.h">
      <Filter>Header Files</Filter>
    </ClInclude>
    <ClInclude Include="drFile.h">
      <Filter>Header Files</Filter>
    </ClInclude>
    <ClInclude Include="drFileEncode.h">
      <Filter>Header Files</Filter>
    </ClInclude>
    <ClInclude Include="drFileStream.h">
      <Filter>Header Files</Filter>
    </ClInclude>
    <ClInclude Include="drFileutil.h">
      <Filter>Header Files</Filter>
    </ClInclude>
    <ClInclude Include="drfrontapi.h">
      <Filter>Header Files</Filter>
    </ClInclude>
    <ClInclude Include="drgraphics.h">
      <Filter>Header Files</Filter>
    </ClInclude>
    <ClInclude Include="drgraphicsutil.h">
      <Filter>Header Files</Filter>
    </ClInclude>
    <ClInclude Include="drguidobj.h">
      <Filter>Header Files</Filter>
    </ClInclude>
    <ClInclude Include="drHeader.h">
      <Filter>Header Files</Filter>
    </ClInclude>
    <ClInclude Include="drHeap.h">
      <Filter>Header Files</Filter>
    </ClInclude>
    <ClInclude Include="drHelperGeometry.h">
      <Filter>Header Files</Filter>
    </ClInclude>
    <ClInclude Include="drifunc.h">
      <Filter>Header Files</Filter>
    </ClInclude>
    <ClInclude Include="drinterface.h">
      <Filter>Header Files</Filter>
    </ClInclude>
    <ClInclude Include="drInterfaceExt.h">
      <Filter>Header Files</Filter>
    </ClInclude>
    <ClInclude Include="drItem.h">
      <Filter>Header Files</Filter>
    </ClInclude>
    <ClInclude Include="dritypes.h">
      <Filter>Header Files</Filter>
    </ClInclude>
    <ClInclude Include="dritypes2.h">
      <Filter>Header Files</Filter>
    </ClInclude>
    <ClInclude Include="driutil.h">
      <Filter>Header Files</Filter>
    </ClInclude>
    <ClInclude Include="drLinkCtrl.h">
      <Filter>Header Files</Filter>
    </ClInclude>
    <ClInclude Include="drmath.h">
      <Filter>Header Files</Filter>
    </ClInclude>
    <ClInclude Include="drMisc.h">
      <Filter>Header Files</Filter>
    </ClInclude>
    <ClInclude Include="drModel.h">
      <Filter>Header Files</Filter>
    </ClInclude>
    <ClInclude Include="drNodeObject.h">
      <Filter>Header Files</Filter>
    </ClInclude>
    <ClInclude Include="drobjectmethod.h">
      <Filter>Header Files</Filter>
    </ClInclude>
    <ClInclude Include="drObjectPool.h">
      <Filter>Header Files</Filter>
    </ClInclude>
    <ClInclude Include="drPathInfo.h">
      <Filter>Header Files</Filter>
    </ClInclude>
    <ClInclude Include="drPhysique.h">
      <Filter>Header Files</Filter>
    </ClInclude>
    <ClInclude Include="drPoseCtrl.h">
      <Filter>Header Files</Filter>
    </ClInclude>
    <ClInclude Include="drPreDefinition.h">
      <Filter>Header Files</Filter>
    </ClInclude>
    <ClInclude Include="drPrimitive.h">
      <Filter>Header Files</Filter>
    </ClInclude>
    <ClInclude Include="drPrimitiveHelper.h">
      <Filter>Header Files</Filter>
    </ClInclude>
    <ClInclude Include="drRenderCtrlEmb.h">
      <Filter>Header Files</Filter>
    </ClInclude>
    <ClInclude Include="drRenderImp.h">
      <Filter>Header Files</Filter>
    </ClInclude>
    <ClInclude Include="drResourceMgr.h">
      <Filter>Header Files</Filter>
    </ClInclude>
    <ClInclude Include="drSceneMgr.h">
      <Filter>Header Files</Filter>
    </ClInclude>
    <ClInclude Include="drShaderDeclMgr.h">
      <Filter>Header Files</Filter>
    </ClInclude>
    <ClInclude Include="drShaderMgr.h">
      <Filter>Header Files</Filter>
    </ClInclude>
    <ClInclude Include="drshadertypes.h">
      <Filter>Header Files</Filter>
    </ClInclude>
    <ClInclude Include="drStdInc.h">
      <Filter>Header Files</Filter>
    </ClInclude>
    <ClInclude Include="drStreamObj.h">
      <Filter>Header Files</Filter>
    </ClInclude>
    <ClInclude Include="drSyncObj.h">
      <Filter>Header Files</Filter>
    </ClInclude>
    <ClInclude Include="drSysCharacter.h">
      <Filter>Header Files</Filter>
    </ClInclude>
    <ClInclude Include="drSysGraphics.h">
      <Filter>Header Files</Filter>
    </ClInclude>
    <ClInclude Include="drSystem.h">
      <Filter>Header Files</Filter>
    </ClInclude>
    <ClInclude Include="drSystemInfo.h">
      <Filter>Header Files</Filter>
    </ClInclude>
    <ClInclude Include="drThreadPool.h">
      <Filter>Header Files</Filter>
    </ClInclude>
    <ClInclude Include="drTimer.h">
      <Filter>Header Files</Filter>
    </ClInclude>
    <ClInclude Include="drTreeNode.h">
      <Filter>Header Files</Filter>
    </ClInclude>
    <ClInclude Include="drutilsexp.h">
      <Filter>Header Files</Filter>
    </ClInclude>
    <ClInclude Include="drViewFrustum.h">
      <Filter>Header Files</Filter>
    </ClInclude>
    <ClInclude Include="drxRenderCtrlVS.h">
      <Filter>Header Files</Filter>
    </ClInclude>
    <ClInclude Include="dxutil.h">
      <Filter>Header Files</Filter>
    </ClInclude>
    <ClInclude Include="EffectFile.h">
      <Filter>Header Files</Filter>
    </ClInclude>
    <ClInclude Include="Frames.h">
      <Filter>Header Files</Filter>
    </ClInclude>
    <ClInclude Include="Frustum.h">
      <Filter>Header Files</Filter>
    </ClInclude>
    <ClInclude Include="GlobalInc.h">
      <Filter>Header Files</Filter>
    </ClInclude>
    <ClInclude Include="Heightmap.h">
      <Filter>Header Files</Filter>
    </ClInclude>
    <ClInclude Include="I_Effect.h">
      <Filter>Header Files</Filter>
    </ClInclude>
    <ClInclude Include="LECamera.h">
      <Filter>Header Files</Filter>
    </ClInclude>
    <ClInclude Include="lecharacter.h">
      <Filter>Header Files</Filter>
    </ClInclude>
    <ClInclude Include="LEColorValue.h">
      <Filter>Header Files</Filter>
    </ClInclude>
    <ClInclude Include="LEConsole.h">
      <Filter>Header Files</Filter>
    </ClInclude>
    <ClInclude Include="LEDataStream.h">
      <Filter>Header Files</Filter>
    </ClInclude>
    <ClInclude Include="LEEffectAsmMath.h">
      <Filter>Header Files</Filter>
    </ClInclude>
    <ClInclude Include="LEEffectCtrl.h">
      <Filter>Header Files</Filter>
    </ClInclude>
    <ClInclude Include="LEEffectMath.h">
      <Filter>Header Files</Filter>
    </ClInclude>
    <ClInclude Include="LEEffPrerequisites.h">
      <Filter>Header Files</Filter>
    </ClInclude>
    <ClInclude Include="LEEffQuaternion.h">
      <Filter>Header Files</Filter>
    </ClInclude>
    <ClInclude Include="LEEffVector3.h">
      <Filter>Header Files</Filter>
    </ClInclude>
    <ClInclude Include="LEFactoryObj.h">
      <Filter>Header Files</Filter>
    </ClInclude>
    <ClInclude Include="LEFont.h">
      <Filter>Header Files</Filter>
    </ClInclude>
    <ClInclude Include="legameapp.h">
      <Filter>Header Files</Filter>
    </ClInclude>
    <ClInclude Include="LEInterface.h">
      <Filter>Header Files</Filter>
    </ClInclude>
    <ClInclude Include="LEIteratorWrappers.h">
      <Filter>Header Files</Filter>
    </ClInclude>
    <ClInclude Include="lemap.h">
      <Filter>Header Files</Filter>
    </ClInclude>
    <ClInclude Include="LEMath.h">
      <Filter>Header Files</Filter>
    </ClInclude>
    <ClInclude Include="lemodeleff.h">
      <Filter>Header Files</Filter>
    </ClInclude>
    <ClInclude Include="LEParameterInterface.h">
      <Filter>Header Files</Filter>
    </ClInclude>
    <ClInclude Include="LEParticleAffector.h">
      <Filter>Header Files</Filter>
    </ClInclude>
    <ClInclude Include="LEParticleAffectorFactory.h">
      <Filter>Header Files</Filter>
    </ClInclude>
    <ClInclude Include="leparticlectrl.h">
      <Filter>Header Files</Filter>
    </ClInclude>
    <ClInclude Include="LEParticleEmitterFactory.h">
      <Filter>Header Files</Filter>
    </ClInclude>
    <ClInclude Include="LEParticleSys.h">
      <Filter>Header Files</Filter>
    </ClInclude>
    <ClInclude Include="LERender.h">
      <Filter>Header Files</Filter>
    </ClInclude>
    <ClInclude Include="LEResManger.h">
      <Filter>Header Files</Filter>
    </ClInclude>
    <ClInclude Include="leresourceset.h">
      <Filter>Header Files</Filter>
    </ClInclude>
    <ClInclude Include="LESceneItem.h">
      <Filter>Header Files</Filter>
    </ClInclude>
    <ClInclude Include="LESceneObject.h">
      <Filter>Header Files</Filter>
    </ClInclude>
    <ClInclude Include="LEScriptLoader.h">
      <Filter>Header Files</Filter>
    </ClInclude>
    <ClInclude Include="LEShadeMap.h">
      <Filter>Header Files</Filter>
    </ClInclude>
    <ClInclude Include="LESharedPtr.h">
      <Filter>Header Files</Filter>
    </ClInclude>
    <ClInclude Include="LESingleton.h">
      <Filter>Header Files</Filter>
    </ClInclude>
    <ClInclude Include="LESkyBox.h">
      <Filter>Header Files</Filter>
    </ClInclude>
    <ClInclude Include="LEStringUtil.h">
      <Filter>Header Files</Filter>
    </ClInclude>
    <ClInclude Include="LEStringVector.h">
      <Filter>Header Files</Filter>
    </ClInclude>
    <ClInclude Include="leterrainset.h">
      <Filter>Header Files</Filter>
    </ClInclude>
    <ClInclude Include="LETextureSet.h">
      <Filter>Header Files</Filter>
    </ClInclude>
    <ClInclude Include="LETile.h">
      <Filter>Header Files</Filter>
    </ClInclude>
    <ClInclude Include="LightEngine.h">
      <Filter>Header Files</Filter>
    </ClInclude>
    <ClInclude Include="LightEngineAPI.h">
      <Filter>Header Files</Filter>
    </ClInclude>
    <ClInclude Include="ModelObject.h">
      <Filter>Header Files</Filter>
    </ClInclude>
    <ClInclude Include="mygraph.h">
      <Filter>Header Files</Filter>
    </ClInclude>
    <ClInclude Include="ShaderLoad.h">
      <Filter>Header Files</Filter>
    </ClInclude>
    <ClInclude Include="Singleton.h">
      <Filter>Header Files</Filter>
    </ClInclude>
    <ClInclude Include="stdafx.h">
      <Filter>Header Files</Filter>
    </ClInclude>
    <ClInclude Include="StdHeader.h">
      <Filter>Header Files</Filter>
    </ClInclude>
    <ClInclude Include="STLprerequisite.h">
      <Filter>Header Files</Filter>
    </ClInclude>
    <ClInclude Include="Terrain.h">
      <Filter>Header Files</Filter>
    </ClInclude>
    <ClInclude Include="Texture.h">
      <Filter>Header Files</Filter>
    </ClInclude>
    <ClInclude Include="TextureManager.h">
      <Filter>Header Files</Filter>
    </ClInclude>
    <ClInclude Include="TgaCore.h">
      <Filter>Header Files</Filter>
    </ClInclude>
    <ClInclude Include="ViM_helper.h">
      <Filter>Header Files</Filter>
    </ClInclude>
    <ClInclude Include="ZRBlock.h">
      <Filter>Header Files</Filter>
    </ClInclude>
  </ItemGroup>
  <ItemGroup>
    <None Include="drmath.inl">
      <Filter>Header Files</Filter>
    </None>
  </ItemGroup>
</Project>