<?xml version="1.0" encoding="utf-8"?>
<Project ToolsVersion="4.0" xmlns="http://schemas.microsoft.com/developer/msbuild/2003">
  <ItemGroup>
    <Filter Include="Source Files">
      <UniqueIdentifier>{4FC737F1-C7A5-4376-A066-2A32D752A2FF}</UniqueIdentifier>
      <Extensions>cpp;c;cc;cxx;c++;cppm;ixx;def;odl;idl;hpj;bat;asm;asmx</Extensions>
    </Filter>
    <Filter Include="Header Files">
      <UniqueIdentifier>{93995380-89BD-4b04-88EB-625FBE52EBFB}</UniqueIdentifier>
      <Extensions>h;hh;hpp;hxx;h++;hm;inl;inc;ipp;xsd</Extensions>
    </Filter>
    <Filter Include="Resource Files">
      <UniqueIdentifier>{67DA6AB6-F800-4c08-8B7A-83BB121AAD01}</UniqueIdentifier>
      <Extensions>rc;ico;cur;bmp;dlg;rc2;rct;bin;rgs;gif;jpg;jpeg;jpe;resx;tiff;tif;png;wav;mfcribbon-ms</Extensions>
    </Filter>
  </ItemGroup>
  <ItemGroup>
    <ClCompile Include="AcceptConnect.cpp">
      <Filter>Source Files</Filter>
    </ClCompile>
    <ClCompile Include="Comm.cpp">
      <Filter>Source Files</Filter>
    </ClCompile>
    <ClCompile Include="CommRPC.cpp">
      <Filter>Source Files</Filter>
    </ClCompile>
    <ClCompile Include="DataSocket.cpp">
      <Filter>Source Files</Filter>
    </ClCompile>
    <ClCompile Include="DBCCommon.cpp">
      <Filter>Source Files</Filter>
    </ClCompile>
    <ClCompile Include="IniFile.cpp">
      <Filter>Source Files</Filter>
    </ClCompile>
    <ClCompile Include="LogStream.cpp">
      <Filter>Source Files</Filter>
    </ClCompile>
    <ClCompile Include="NTSvcObject.cpp">
      <Filter>Source Files</Filter>
    </ClCompile>
    <ClCompile Include="Packet.cpp">
      <Filter>Source Files</Filter>
    </ClCompile>
    <ClCompile Include="PacketQueue.cpp">
      <Filter>Source Files</Filter>
    </ClCompile>
    <ClCompile Include="Receiver.cpp">
      <Filter>Source Files</Filter>
    </ClCompile>
    <ClCompile Include="RWMutex.cpp">
      <Filter>Source Files</Filter>
    </ClCompile>
    <ClCompile Include="Sender.cpp">
      <Filter>Source Files</Filter>
    </ClCompile>
    <ClCompile Include="TaskQueue.cpp">
      <Filter>Source Files</Filter>
    </ClCompile>
    <ClCompile Include="ThreadPool.cpp">
      <Filter>Source Files</Filter>
    </ClCompile>
    <ClCompile Include="Timer.cpp">
      <Filter>Source Files</Filter>
    </ClCompile>
    <ClCompile Include="PacketEncryption.cpp">
      <Filter>Source Files</Filter>
    </ClCompile>
  </ItemGroup>
  <ItemGroup>
    <ClInclude Include="AcceptConnect.h">
      <Filter>Header Files</Filter>
    </ClInclude>
    <ClInclude Include="BaseBuf.h">
      <Filter>Header Files</Filter>
    </ClInclude>
    <ClInclude Include="Comm.h">
      <Filter>Header Files</Filter>
    </ClInclude>
    <ClInclude Include="CommRPC.h">
      <Filter>Header Files</Filter>
    </ClInclude>
    <ClInclude Include="DataSocket.h">
      <Filter>Header Files</Filter>
    </ClInclude>
    <ClInclude Include="DBCCommon.h">
      <Filter>Header Files</Filter>
    </ClInclude>
    <ClInclude Include="dstring.h">
      <Filter>Header Files</Filter>
    </ClInclude>
    <ClInclude Include="EventMsgRC.h">
      <Filter>Header Files</Filter>
    </ClInclude>
    <ClInclude Include="excp.h">
      <Filter>Header Files</Filter>
    </ClInclude>
    <ClInclude Include="IniFile.h">
      <Filter>Header Files</Filter>
    </ClInclude>
    <ClInclude Include="LogStream.h">
      <Filter>Header Files</Filter>
    </ClInclude>
    <ClInclude Include="NTService.h">
      <Filter>Header Files</Filter>
    </ClInclude>
    <ClInclude Include="NTSvcObject.h">
      <Filter>Header Files</Filter>
    </ClInclude>
    <ClInclude Include="Packet.h">
      <Filter>Header Files</Filter>
    </ClInclude>
    <ClInclude Include="PacketQueue.h">
      <Filter>Header Files</Filter>
    </ClInclude>
    <ClInclude Include="PreAlloc.h">
      <Filter>Header Files</Filter>
    </ClInclude>
    <ClInclude Include="Receiver.h">
      <Filter>Header Files</Filter>
    </ClInclude>
    <ClInclude Include="robject.h">
      <Filter>Header Files</Filter>
    </ClInclude>
    <ClInclude Include="RPCInfo.h">
      <Filter>Header Files</Filter>
    </ClInclude>
    <ClInclude Include="rstring.h">
      <Filter>Header Files</Filter>
    </ClInclude>
    <ClInclude Include="RunBiDirectChain.h">
      <Filter>Header Files</Filter>
    </ClInclude>
    <ClInclude Include="RunCtrlThrd.h">
      <Filter>Header Files</Filter>
    </ClInclude>
    <ClInclude Include="RWMutex.h">
      <Filter>Header Files</Filter>
    </ClInclude>
    <ClInclude Include="Sender.h">
      <Filter>Header Files</Filter>
    </ClInclude>
    <ClInclude Include="Thread.h">
      <Filter>Header Files</Filter>
    </ClInclude>
    <ClInclude Include="ThreadPool.h">
      <Filter>Header Files</Filter>
    </ClInclude>
    <ClInclude Include="Timer.h">
      <Filter>Header Files</Filter>
    </ClInclude>
    <ClInclude Include="TLSIndex.h">
      <Filter>Header Files</Filter>
    </ClInclude>
    <ClInclude Include="PacketEncryption.h">
      <Filter>Header Files</Filter>
    </ClInclude>
  </ItemGroup>
</Project>