<?xml version="1.0" encoding="utf-8"?>
<Project ToolsVersion="4.0" xmlns="http://schemas.microsoft.com/developer/msbuild/2003">
  <ItemGroup>
    <Filter Include="Source Files">
      <UniqueIdentifier>{4FC737F1-C7A5-4376-A066-2A32D752A2FF}</UniqueIdentifier>
      <Extensions>cpp;c;cc;cxx;c++;cppm;ixx;def;odl;idl;hpj;bat;asm;asmx</Extensions>
    </Filter>
    <Filter Include="Header Files">
      <UniqueIdentifier>{93995380-89BD-4b04-88EB-625FBE52EBFB}</UniqueIdentifier>
      <Extensions>h;hh;hpp;hxx;h++;hm;inl;inc;ipp;xsd</Extensions>
    </Filter>
    <Filter Include="Resource Files">
      <UniqueIdentifier>{67DA6AB6-F800-4c08-8B7A-83BB121AAD01}</UniqueIdentifier>
      <Extensions>rc;ico;cur;bmp;dlg;rc2;rct;bin;rgs;gif;jpg;jpeg;jpe;resx;tiff;tif;png;wav;mfcribbon-ms</Extensions>
    </Filter>
  </ItemGroup>
  <ItemGroup>
    <ClCompile Include="md5c.c">
      <Filter>Source Files</Filter>
    </ClCompile>
    <ClCompile Include="bill.cpp">
      <Filter>Source Files</Filter>
    </ClCompile>
    <ClCompile Include="CPerformance.cpp">
      <Filter>Source Files</Filter>
    </ClCompile>
    <ClCompile Include="db.cpp">
      <Filter>Source Files</Filter>
    </ClCompile>
    <ClCompile Include="db3.cpp">
      <Filter>Source Files</Filter>
    </ClCompile>
    <ClCompile Include="ErrorReport.cpp">
      <Filter>Source Files</Filter>
    </ClCompile>
    <ClCompile Include="LanguageRecord.cpp">
      <Filter>Source Files</Filter>
    </ClCompile>
    <ClCompile Include="log.cpp">
      <Filter>Source Files</Filter>
    </ClCompile>
    <ClCompile Include="log2.cpp">
      <Filter>Source Files</Filter>
    </ClCompile>
    <ClCompile Include="logutil.cpp">
      <Filter>Source Files</Filter>
    </ClCompile>
    <ClCompile Include="MapDataVer.cpp">
      <Filter>Source Files</Filter>
    </ClCompile>
    <ClCompile Include="MapUtil.cpp">
      <Filter>Source Files</Filter>
    </ClCompile>
    <ClCompile Include="MyMemory.cpp">
      <Filter>Source Files</Filter>
    </ClCompile>
    <ClCompile Include="packet.cpp">
      <Filter>Source Files</Filter>
    </ClCompile>
    <ClCompile Include="pch.cpp">
      <Filter>Source Files</Filter>
    </ClCompile>
    <ClCompile Include="playsound.cpp">
      <Filter>Source Files</Filter>
    </ClCompile>
    <ClCompile Include="PrivilegeCheck.cpp">
      <Filter>Source Files</Filter>
    </ClCompile>
    <ClCompile Include="SectionData.cpp">
      <Filter>Source Files</Filter>
    </ClCompile>
    <ClCompile Include="sym_engine.cpp">
      <Filter>Source Files</Filter>
    </ClCompile>
    <ClCompile Include="util2.cpp">
      <Filter>Source Files</Filter>
    </ClCompile>
    <ClCompile Include="Win32Guid.cpp">
      <Filter>Source Files</Filter>
    </ClCompile>
    <ClCompile Include="LicenseManager.cpp">
      <Filter>Source Files</Filter>
    </ClCompile>
    <ClCompile Include="SehException.cpp">
      <Filter>Source Files</Filter>
    </ClCompile>
  </ItemGroup>
  <ItemGroup>
    <ClInclude Include="algo.h">
      <Filter>Header Files</Filter>
    </ClInclude>
    <ClInclude Include="AtlAux2.h">
      <Filter>Header Files</Filter>
    </ClInclude>
    <ClInclude Include="AttribData.h">
      <Filter>Header Files</Filter>
    </ClInclude>
    <ClInclude Include="bill.h">
      <Filter>Header Files</Filter>
    </ClInclude>
    <ClInclude Include="CPerformance.h">
      <Filter>Header Files</Filter>
    </ClInclude>
    <ClInclude Include="db.h">
      <Filter>Header Files</Filter>
    </ClInclude>
    <ClInclude Include="db3.h">
      <Filter>Header Files</Filter>
    </ClInclude>
    <ClInclude Include="debug_stream.h">
      <Filter>Header Files</Filter>
    </ClInclude>
    <ClInclude Include="ErrorReport.h">
      <Filter>Header Files</Filter>
    </ClInclude>
    <ClInclude Include="fifo.h">
      <Filter>Header Files</Filter>
    </ClInclude>
    <ClInclude Include="kbase.h">
      <Filter>Header Files</Filter>
    </ClInclude>
    <ClInclude Include="LanguageRecord.h">
      <Filter>Header Files</Filter>
    </ClInclude>
    <ClInclude Include="LEMapDef.h">
      <Filter>Header Files</Filter>
    </ClInclude>
    <ClInclude Include="log.h">
      <Filter>Header Files</Filter>
    </ClInclude>
    <ClInclude Include="log2.h">
      <Filter>Header Files</Filter>
    </ClInclude>
    <ClInclude Include="logutil.h">
      <Filter>Header Files</Filter>
    </ClInclude>
    <ClInclude Include="MapUtil.h">
      <Filter>Header Files</Filter>
    </ClInclude>
    <ClInclude Include="matrix_stuff.h">
      <Filter>Header Files</Filter>
    </ClInclude>
    <ClInclude Include="md5.h">
      <Filter>Header Files</Filter>
    </ClInclude>
    <ClInclude Include="MPMapDef.h">
      <Filter>Header Files</Filter>
    </ClInclude>
    <ClInclude Include="MyAlloc.h">
      <Filter>Header Files</Filter>
    </ClInclude>
    <ClInclude Include="MyMemory.h">
      <Filter>Header Files</Filter>
    </ClInclude>
    <ClInclude Include="ObjectData.h">
      <Filter>Header Files</Filter>
    </ClInclude>
    <ClInclude Include="packet.h">
      <Filter>Header Files</Filter>
    </ClInclude>
    <ClInclude Include="pch.h">
      <Filter>Header Files</Filter>
    </ClInclude>
    <ClInclude Include="playsound.h">
      <Filter>Header Files</Filter>
    </ClInclude>
    <ClInclude Include="PrivilegeCheck.h">
      <Filter>Header Files</Filter>
    </ClInclude>
    <ClInclude Include="ReturnValues.h">
      <Filter>Header Files</Filter>
    </ClInclude>
    <ClInclude Include="SectionData.h">
      <Filter>Header Files</Filter>
    </ClInclude>
    <ClInclude Include="singleton.h">
      <Filter>Header Files</Filter>
    </ClInclude>
    <ClInclude Include="sym_engine.h">
      <Filter>Header Files</Filter>
    </ClInclude>
    <ClInclude Include="TerrainData.h">
      <Filter>Header Files</Filter>
    </ClInclude>
    <ClInclude Include="TryUtil.h">
      <Filter>Header Files</Filter>
    </ClInclude>
    <ClInclude Include="unhandled_report.h">
      <Filter>Header Files</Filter>
    </ClInclude>
    <ClInclude Include="util.h">
      <Filter>Header Files</Filter>
    </ClInclude>
    <ClInclude Include="util2.h">
      <Filter>Header Files</Filter>
    </ClInclude>
    <ClInclude Include="Win32Guid.h">
      <Filter>Header Files</Filter>
    </ClInclude>
    <ClInclude Include="ConsoleUtils.h">
      <Filter>Header Files</Filter>
    </ClInclude>
    <ClInclude Include="LicenseManager.h">
      <Filter>Header Files</Filter>
    </ClInclude>
    <ClInclude Include="instr.h">
      <Filter>Header Files</Filter>
    </ClInclude>
    <ClInclude Include="SehException.h">
      <Filter>Header Files</Filter>
    </ClInclude>
  </ItemGroup>
</Project>