<?xml version="1.0" encoding="utf-8"?>
<Project ToolsVersion="4.0" xmlns="http://schemas.microsoft.com/developer/msbuild/2003">
  <ItemGroup>
    <Filter Include="Source Files">
      <UniqueIdentifier>{4FC737F1-C7A5-4376-A066-2A32D752A2FF}</UniqueIdentifier>
      <Extensions>cpp;c;cc;cxx;c++;cppm;ixx;def;odl;idl;hpj;bat;asm;asmx</Extensions>
    </Filter>
    <Filter Include="Header Files">
      <UniqueIdentifier>{93995380-89BD-4b04-88EB-625FBE52EBFB}</UniqueIdentifier>
      <Extensions>h;hh;hpp;hxx;h++;hm;inl;inc;ipp;xsd</Extensions>
    </Filter>
    <Filter Include="Resource Files">
      <UniqueIdentifier>{67DA6AB6-F800-4c08-8B7A-83BB121AAD01}</UniqueIdentifier>
      <Extensions>rc;ico;cur;bmp;dlg;rc2;rct;bin;rgs;gif;jpg;jpeg;jpe;resx;tiff;tif;png;wav;mfcribbon-ms</Extensions>
    </Filter>
  </ItemGroup>
  <ItemGroup>
    <ClInclude Include="Actor.h">
      <Filter>Header Files</Filter>
    </ClInclude>
    <ClInclude Include="ArcTrack.h">
      <Filter>Header Files</Filter>
    </ClInclude>
    <ClInclude Include="AudioThread.h">
      <Filter>Header Files</Filter>
    </ClInclude>
    <ClInclude Include="AutoAttack.h">
      <Filter>Header Files</Filter>
    </ClInclude>
    <ClInclude Include="bass.h">
      <Filter>Header Files</Filter>
    </ClInclude>
    <ClInclude Include="BassLoader.h">
      <Filter>Header Files</Filter>
    </ClInclude>
    <ClInclude Include="BassMusicInterface.h">
      <Filter>Header Files</Filter>
    </ClInclude>
    <ClInclude Include="BoolSet.h">
      <Filter>Header Files</Filter>
    </ClInclude>
    <ClInclude Include="CameraCtrl.h">
      <Filter>Header Files</Filter>
    </ClInclude>
    <ClInclude Include="ChaClientAttr.h">
      <Filter>Header Files</Filter>
    </ClInclude>
    <ClInclude Include="ChaCreateSet.h">
      <Filter>Header Files</Filter>
    </ClInclude>
    <ClInclude Include="Character.h">
      <Filter>Header Files</Filter>
    </ClInclude>
    <ClInclude Include="CharacterAction.h">
      <Filter>Header Files</Filter>
    </ClInclude>
    <ClInclude Include="CharacterModel.h">
      <Filter>Header Files</Filter>
    </ClInclude>
    <ClInclude Include="CharacterPoseSet.h">
      <Filter>Header Files</Filter>
    </ClInclude>
    <ClInclude Include="ChaState.h">
      <Filter>Header Files</Filter>
    </ClInclude>
    <ClInclude Include="ChatIconSet.h">
      <Filter>Header Files</Filter>
    </ClInclude>
    <ClInclude Include="ChatRecord.h">
      <Filter>Header Files</Filter>
    </ClInclude>
    <ClInclude Include="Connection.h">
      <Filter>Header Files</Filter>
    </ClInclude>
    <ClInclude Include="CRCircle.h">
      <Filter>Header Files</Filter>
    </ClInclude>
    <ClInclude Include="CRCursor.h">
      <Filter>Header Files</Filter>
    </ClInclude>
    <ClInclude Include="CRCursorObj.h">
      <Filter>Header Files</Filter>
    </ClInclude>
    <ClInclude Include="CreateChaScene.h">
      <Filter>Header Files</Filter>
    </ClInclude>
    <ClInclude Include="d3des.h">
      <Filter>Header Files</Filter>
    </ClInclude>
    <ClInclude Include="DrawPointList.h">
      <Filter>Header Files</Filter>
    </ClInclude>
    <ClInclude Include="DSoundInstance.h">
      <Filter>Header Files</Filter>
    </ClInclude>
    <ClInclude Include="DSoundManager.h">
      <Filter>Header Files</Filter>
    </ClInclude>
    <ClInclude Include="EffDelay.h">
      <Filter>Header Files</Filter>
    </ClInclude>
    <ClInclude Include="EffectObj.h">
      <Filter>Header Files</Filter>
    </ClInclude>
    <ClInclude Include="EffectSet.h">
      <Filter>Header Files</Filter>
    </ClInclude>
    <ClInclude Include="ElfSkillSet.h">
      <Filter>Header Files</Filter>
    </ClInclude>
    <ClInclude Include="Event.h">
      <Filter>Header Files</Filter>
    </ClInclude>
    <ClInclude Include="EventSoundSet.h">
      <Filter>Header Files</Filter>
    </ClInclude>
    <ClInclude Include="FindPath.h">
      <Filter>Header Files</Filter>
    </ClInclude>
    <ClInclude Include="FrndInviteFormMgr.h">
      <Filter>Header Files</Filter>
    </ClInclude>
    <ClInclude Include="GameApp.h">
      <Filter>Header Files</Filter>
    </ClInclude>
    <ClInclude Include="GameAppMsg.h">
      <Filter>Header Files</Filter>
    </ClInclude>
    <ClInclude Include="GameConfig.h">
      <Filter>Header Files</Filter>
    </ClInclude>
    <ClInclude Include="GameErrorReport.h">
      <Filter>Header Files</Filter>
    </ClInclude>
    <ClInclude Include="GameLoading.h">
      <Filter>Header Files</Filter>
    </ClInclude>
    <ClInclude Include="GameMovie.h">
      <Filter>Header Files</Filter>
    </ClInclude>
    <ClInclude Include="GameWG.h">
      <Filter>Header Files</Filter>
    </ClInclude>
    <ClInclude Include="GlobalVar.h">
      <Filter>Header Files</Filter>
    </ClInclude>
    <ClInclude Include="GuildData.h">
      <Filter>Header Files</Filter>
    </ClInclude>
    <ClInclude Include="GuildInviteFormMgr.h">
      <Filter>Header Files</Filter>
    </ClInclude>
    <ClInclude Include="GuildListData.h">
      <Filter>Header Files</Filter>
    </ClInclude>
    <ClInclude Include="GuildListMgr.h">
      <Filter>Header Files</Filter>
    </ClInclude>
    <ClInclude Include="GuildMemberData.h">
      <Filter>Header Files</Filter>
    </ClInclude>
    <ClInclude Include="GuildMembersMgr.h">
      <Filter>Header Files</Filter>
    </ClInclude>
    <ClInclude Include="HairTool.h">
      <Filter>Header Files</Filter>
    </ClInclude>
    <ClInclude Include="helpinfoset.h">
      <Filter>Header Files</Filter>
    </ClInclude>
    <ClInclude Include="HMAttack.h">
      <Filter>Header Files</Filter>
    </ClInclude>
    <ClInclude Include="HMManage.h">
      <Filter>Header Files</Filter>
    </ClInclude>
    <ClInclude Include="HMSynchroObj.h">
      <Filter>Header Files</Filter>
    </ClInclude>
    <ClInclude Include="IAudioPlayer.h">
      <Filter>Header Files</Filter>
    </ClInclude>
    <ClInclude Include="IMusicThread.h">
      <Filter>Header Files</Filter>
    </ClInclude>
    <ClInclude Include="InputBox.h">
      <Filter>Header Files</Filter>
    </ClInclude>
    <ClInclude Include="IsSkillUse.h">
      <Filter>Header Files</Filter>
    </ClInclude>
    <ClInclude Include="ItemLit.h">
      <Filter>Header Files</Filter>
    </ClInclude>
    <ClInclude Include="ItemLitAnim.h">
      <Filter>Header Files</Filter>
    </ClInclude>
    <ClInclude Include="ItemPreSet.h">
      <Filter>Header Files</Filter>
    </ClInclude>
    <ClInclude Include="ItemRefineEffectSet.h">
      <Filter>Header Files</Filter>
    </ClInclude>
    <ClInclude Include="ItemRefineSet.h">
      <Filter>Header Files</Filter>
    </ClInclude>
    <ClInclude Include="ItemTypeSet.h">
      <Filter>Header Files</Filter>
    </ClInclude>
    <ClInclude Include="LitLoad.h">
      <Filter>Header Files</Filter>
    </ClInclude>
    <ClInclude Include="LoginScene.h">
      <Filter>Header Files</Filter>
    </ClInclude>
    <ClInclude Include="lua_app.h">
      <Filter>Header Files</Filter>
    </ClInclude>
    <ClInclude Include="lua_camera.h">
      <Filter>Header Files</Filter>
    </ClInclude>
    <ClInclude Include="lua_input.h">
      <Filter>Header Files</Filter>
    </ClInclude>
    <ClInclude Include="lua_network.h">
      <Filter>Header Files</Filter>
    </ClInclude>
    <ClInclude Include="lua_object.h">
      <Filter>Header Files</Filter>
    </ClInclude>
    <ClInclude Include="lua_platform.h">
      <Filter>Header Files</Filter>
    </ClInclude>
    <ClInclude Include="lua_scene.h">
      <Filter>Header Files</Filter>
    </ClInclude>
    <ClInclude Include="lua_ui.h">
      <Filter>Header Files</Filter>
    </ClInclude>
    <ClInclude Include="lua_util.h">
      <Filter>Header Files</Filter>
    </ClInclude>
    <ClInclude Include="LuaInterface.h">
      <Filter>Header Files</Filter>
    </ClInclude>
    <ClInclude Include="Main.h">
      <Filter>Header Files</Filter>
    </ClInclude>
    <ClInclude Include="MapSet.h">
      <Filter>Header Files</Filter>
    </ClInclude>
    <ClInclude Include="MonsterSet.h">
      <Filter>Header Files</Filter>
    </ClInclude>
    <ClInclude Include="MouseDown.h">
      <Filter>Header Files</Filter>
    </ClInclude>
    <ClInclude Include="MPEditor.h">
      <Filter>Header Files</Filter>
    </ClInclude>
    <ClInclude Include="MusicInterface.h">
      <Filter>Header Files</Filter>
    </ClInclude>
    <ClInclude Include="MusicSet.h">
      <Filter>Header Files</Filter>
    </ClInclude>
    <ClInclude Include="NetChat.h">
      <Filter>Header Files</Filter>
    </ClInclude>
    <ClInclude Include="NetGuild.h">
      <Filter>Header Files</Filter>
    </ClInclude>
    <ClInclude Include="NetIF.h">
      <Filter>Header Files</Filter>
    </ClInclude>
    <ClInclude Include="NetProtocol.h">
      <Filter>Header Files</Filter>
    </ClInclude>
    <ClInclude Include="notifyset.h">
      <Filter>Header Files</Filter>
    </ClInclude>
    <ClInclude Include="NPCHelper.h">
      <Filter>Header Files</Filter>
    </ClInclude>
    <ClInclude Include="PacketCmd.h">
      <Filter>Header Files</Filter>
    </ClInclude>
    <ClInclude Include="PackFile.h">
      <Filter>Header Files</Filter>
    </ClInclude>
    <ClInclude Include="ProCirculate.h">
      <Filter>Header Files</Filter>
    </ClInclude>
    <ClInclude Include="publicfun.h">
      <Filter>Header Files</Filter>
    </ClInclude>
    <ClInclude Include="Readme.h">
      <Filter>Header Files</Filter>
    </ClInclude>
    <ClInclude Include="RecruitMemberData.h">
      <Filter>Header Files</Filter>
    </ClInclude>
    <ClInclude Include="RecruitMembersMgr.h">
      <Filter>Header Files</Filter>
    </ClInclude>
    <ClInclude Include="RenderStateMgr.h">
      <Filter>Header Files</Filter>
    </ClInclude>
    <ClInclude Include="resource.h">
      <Filter>Header Files</Filter>
    </ClInclude>
    <ClInclude Include="Scene.h">
      <Filter>Header Files</Filter>
    </ClInclude>
    <ClInclude Include="SceneArea.h">
      <Filter>Header Files</Filter>
    </ClInclude>
    <ClInclude Include="SceneHeight.h">
      <Filter>Header Files</Filter>
    </ClInclude>
    <ClInclude Include="SceneItem.h">
      <Filter>Header Files</Filter>
    </ClInclude>
    <ClInclude Include="SceneItemSet.h">
      <Filter>Header Files</Filter>
    </ClInclude>
    <ClInclude Include="SceneLight.h">
      <Filter>Header Files</Filter>
    </ClInclude>
    <ClInclude Include="SceneNode.h">
      <Filter>Header Files</Filter>
    </ClInclude>
    <ClInclude Include="SceneObj.h">
      <Filter>Header Files</Filter>
    </ClInclude>
    <ClInclude Include="SceneObjFile.h">
      <Filter>Header Files</Filter>
    </ClInclude>
    <ClInclude Include="SceneObjSet.h">
      <Filter>Header Files</Filter>
    </ClInclude>
    <ClInclude Include="SceneSign.h">
      <Filter>Header Files</Filter>
    </ClInclude>
    <ClInclude Include="Script.h">
      <Filter>Header Files</Filter>
    </ClInclude>
    <ClInclude Include="SelectChaScene.h">
      <Filter>Header Files</Filter>
    </ClInclude>
    <ClInclude Include="ServerSet.h">
      <Filter>Header Files</Filter>
    </ClInclude>
    <ClInclude Include="ShipFactory.h">
      <Filter>Header Files</Filter>
    </ClInclude>
    <ClInclude Include="SMallMap.h">
      <Filter>Header Files</Filter>
    </ClInclude>
    <ClInclude Include="SoundCommon.h">
      <Filter>Header Files</Filter>
    </ClInclude>
    <ClInclude Include="SoundInstance.h">
      <Filter>Header Files</Filter>
    </ClInclude>
    <ClInclude Include="SoundManager.h">
      <Filter>Header Files</Filter>
    </ClInclude>
    <ClInclude Include="state_reading.h">
      <Filter>Header Files</Filter>
    </ClInclude>
    <ClInclude Include="STAttack.h">
      <Filter>Header Files</Filter>
    </ClInclude>
    <ClInclude Include="stdafx.h">
      <Filter>Header Files</Filter>
    </ClInclude>
    <ClInclude Include="SteadyFrame.h">
      <Filter>Header Files</Filter>
    </ClInclude>
    <ClInclude Include="STMove.h">
      <Filter>Header Files</Filter>
    </ClInclude>
    <ClInclude Include="STNpcTalk.h">
      <Filter>Header Files</Filter>
    </ClInclude>
    <ClInclude Include="StoneSet.h">
      <Filter>Header Files</Filter>
    </ClInclude>
    <ClInclude Include="STPose.h">
      <Filter>Header Files</Filter>
    </ClInclude>
    <ClInclude Include="STReadyDie.h">
      <Filter>Header Files</Filter>
    </ClInclude>
    <ClInclude Include="STSeat.h">
      <Filter>Header Files</Filter>
    </ClInclude>
    <ClInclude Include="STStateObj.h">
      <Filter>Header Files</Filter>
    </ClInclude>
    <ClInclude Include="TalkSessionFormMgr.h">
      <Filter>Header Files</Filter>
    </ClInclude>
    <ClInclude Include="TeamInviteFormMgr.h">
      <Filter>Header Files</Filter>
    </ClInclude>
    <ClInclude Include="TestDemo.h">
      <Filter>Header Files</Filter>
    </ClInclude>
    <ClInclude Include="ThreadBase.h">
      <Filter>Header Files</Filter>
    </ClInclude>
    <ClInclude Include="Tools.h">
      <Filter>Header Files</Filter>
    </ClInclude>
    <ClInclude Include="Track.h">
      <Filter>Header Files</Filter>
    </ClInclude>
    <ClInclude Include="UI3DCompent.h">
      <Filter>Header Files</Filter>
    </ClInclude>
    <ClInclude Include="UIAllButtonForm.h">
      <Filter>Header Files</Filter>
    </ClInclude>
    <ClInclude Include="UIBakGhostForm.h">
      <Filter>Header Files</Filter>
    </ClInclude>
    <ClInclude Include="UIBankForm.h">
      <Filter>Header Files</Filter>
    </ClInclude>
    <ClInclude Include="UIBoatForm.h">
      <Filter>Header Files</Filter>
    </ClInclude>
    <ClInclude Include="UIBoothForm.h">
      <Filter>Header Files</Filter>
    </ClInclude>
    <ClInclude Include="UIBourseForm.h">
      <Filter>Header Files</Filter>
    </ClInclude>
    <ClInclude Include="UIBoxForm.h">
      <Filter>Header Files</Filter>
    </ClInclude>
    <ClInclude Include="UIBreakForm.h">
      <Filter>Header Files</Filter>
    </ClInclude>
    <ClInclude Include="UIChaInfo.h">
      <Filter>Header Files</Filter>
    </ClInclude>
    <ClInclude Include="UIChat.h">
      <Filter>Header Files</Filter>
    </ClInclude>
    <ClInclude Include="UICheckBox.h">
      <Filter>Header Files</Filter>
    </ClInclude>
    <ClInclude Include="UICheckBoxItem.h">
      <Filter>Header Files</Filter>
    </ClInclude>
    <ClInclude Include="UIChurchChallenge.h">
      <Filter>Header Files</Filter>
    </ClInclude>
    <ClInclude Include="UICloneForm.h">
      <Filter>Header Files</Filter>
    </ClInclude>
    <ClInclude Include="UICombo.h">
      <Filter>Header Files</Filter>
    </ClInclude>
    <ClInclude Include="UICommand.h">
      <Filter>Header Files</Filter>
    </ClInclude>
    <ClInclude Include="UICommandCompent.h">
      <Filter>Header Files</Filter>
    </ClInclude>
    <ClInclude Include="UICompent.h">
      <Filter>Header Files</Filter>
    </ClInclude>
    <ClInclude Include="UIComposeForm.h">
      <Filter>Header Files</Filter>
    </ClInclude>
    <ClInclude Include="UICookingForm.h">
      <Filter>Header Files</Filter>
    </ClInclude>
    <ClInclude Include="UICozeForm.h">
      <Filter>Header Files</Filter>
    </ClInclude>
    <ClInclude Include="UICursor.h">
      <Filter>Header Files</Filter>
    </ClInclude>
    <ClInclude Include="UIDoublePwdForm.h">
      <Filter>Header Files</Filter>
    </ClInclude>
    <ClInclude Include="UIDragTitle.h">
      <Filter>Header Files</Filter>
    </ClInclude>
    <ClInclude Include="UIEdit.h">
      <Filter>Header Files</Filter>
    </ClInclude>
    <ClInclude Include="UIEditData.h">
      <Filter>Header Files</Filter>
    </ClInclude>
    <ClInclude Include="UIEditKey.h">
      <Filter>Header Files</Filter>
    </ClInclude>
    <ClInclude Include="UIEditor.h">
      <Filter>Header Files</Filter>
    </ClInclude>
    <ClInclude Include="UIEditStrategy.h">
      <Filter>Header Files</Filter>
    </ClInclude>
    <ClInclude Include="UIEquipForm.h">
      <Filter>Header Files</Filter>
    </ClInclude>
    <ClInclude Include="UIFastCommand.h">
      <Filter>Header Files</Filter>
    </ClInclude>
    <ClInclude Include="UIFindTeamForm.h">
      <Filter>Header Files</Filter>
    </ClInclude>
    <ClInclude Include="UIFont.h">
      <Filter>Header Files</Filter>
    </ClInclude>
    <ClInclude Include="UIForgeForm.h">
      <Filter>Header Files</Filter>
    </ClInclude>
    <ClInclude Include="UIForgeMoveForm.h">
      <Filter>Header Files</Filter>
    </ClInclude>
    <ClInclude Include="UIForm.h">
      <Filter>Header Files</Filter>
    </ClInclude>
    <ClInclude Include="UIFormMgr.h">
      <Filter>Header Files</Filter>
    </ClInclude>
    <ClInclude Include="UIFoundForm.h">
      <Filter>Header Files</Filter>
    </ClInclude>
    <ClInclude Include="UIGlobalVar.h">
      <Filter>Header Files</Filter>
    </ClInclude>
    <ClInclude Include="UIGoodsGrid.h">
      <Filter>Header Files</Filter>
    </ClInclude>
    <ClInclude Include="UIGraph.h">
      <Filter>Header Files</Filter>
    </ClInclude>
    <ClInclude Include="UIGrid.h">
      <Filter>Header Files</Filter>
    </ClInclude>
    <ClInclude Include="UIGuiData.h">
      <Filter>Header Files</Filter>
    </ClInclude>
    <ClInclude Include="UIGuildApply.h">
      <Filter>Header Files</Filter>
    </ClInclude>
    <ClInclude Include="UIGuildChallengeForm.h">
      <Filter>Header Files</Filter>
    </ClInclude>
    <ClInclude Include="UIGuildList.h">
      <Filter>Header Files</Filter>
    </ClInclude>
    <ClInclude Include="UIGuildMgr.h">
      <Filter>Header Files</Filter>
    </ClInclude>
    <ClInclude Include="UIHaircutForm.h">
      <Filter>Header Files</Filter>
    </ClInclude>
    <ClInclude Include="UIHeadSay.h">
      <Filter>Header Files</Filter>
    </ClInclude>
    <ClInclude Include="UIHelpInfoForm.h">
      <Filter>Header Files</Filter>
    </ClInclude>
    <ClInclude Include="UIImage.h">
      <Filter>Header Files</Filter>
    </ClInclude>
    <ClInclude Include="UIImeInput.h">
      <Filter>Header Files</Filter>
    </ClInclude>
    <ClInclude Include="UIItem.h">
      <Filter>Header Files</Filter>
    </ClInclude>
    <ClInclude Include="UIItemCommand.h">
      <Filter>Header Files</Filter>
    </ClInclude>
    <ClInclude Include="UIItemReForm.h">
      <Filter>Header Files</Filter>
    </ClInclude>
    <ClInclude Include="UIJewelryUpForm.h">
      <Filter>Header Files</Filter>
    </ClInclude>
    <ClInclude Include="UILabel.h">
      <Filter>Header Files</Filter>
    </ClInclude>
    <ClInclude Include="UIList.h">
      <Filter>Header Files</Filter>
    </ClInclude>
    <ClInclude Include="UIListView.h">
      <Filter>Header Files</Filter>
    </ClInclude>
    <ClInclude Include="UIMailForm.h">
      <Filter>Header Files</Filter>
    </ClInclude>
    <ClInclude Include="UIMakeEquipForm.h">
      <Filter>Header Files</Filter>
    </ClInclude>
    <ClInclude Include="UIMemo.h">
      <Filter>Header Files</Filter>
    </ClInclude>
    <ClInclude Include="UIMenu.h">
      <Filter>Header Files</Filter>
    </ClInclude>
    <ClInclude Include="UIMinimapForm.h">
      <Filter>Header Files</Filter>
    </ClInclude>
    <ClInclude Include="UIMisLogForm.h">
      <Filter>Header Files</Filter>
    </ClInclude>
    <ClInclude Include="UIMissionForm.h">
      <Filter>Header Files</Filter>
    </ClInclude>
    <ClInclude Include="UINpcTalkForm.h">
      <Filter>Header Files</Filter>
    </ClInclude>
    <ClInclude Include="UINpcTradeForm.h">
      <Filter>Header Files</Filter>
    </ClInclude>
    <ClInclude Include="UINumAnswer.h">
      <Filter>Header Files</Filter>
    </ClInclude>
    <ClInclude Include="UIPage.h">
      <Filter>Header Files</Filter>
    </ClInclude>
    <ClInclude Include="UIPicList.h">
      <Filter>Header Files</Filter>
    </ClInclude>
    <ClInclude Include="UIPicture.h">
      <Filter>Header Files</Filter>
    </ClInclude>
    <ClInclude Include="UIPKDialog.h">
      <Filter>Header Files</Filter>
    </ClInclude>
    <ClInclude Include="UIPKSilverForm.h">
      <Filter>Header Files</Filter>
    </ClInclude>
    <ClInclude Include="UIProgressBar.h">
      <Filter>Header Files</Filter>
    </ClInclude>
    <ClInclude Include="UIPurifyForm.h">
      <Filter>Header Files</Filter>
    </ClInclude>
    <ClInclude Include="UIRender.h">
      <Filter>Header Files</Filter>
    </ClInclude>
    <ClInclude Include="UIRichEdit.h">
      <Filter>Header Files</Filter>
    </ClInclude>
    <ClInclude Include="UIRumBuyForm.h">
      <Filter>Header Files</Filter>
    </ClInclude>
    <ClInclude Include="UIRumDealForm.h">
      <Filter>Header Files</Filter>
    </ClInclude>
    <ClInclude Include="UIRumGetForm.h">
      <Filter>Header Files</Filter>
    </ClInclude>
    <ClInclude Include="uirumpurform.h">
      <Filter>Header Files</Filter>
    </ClInclude>
    <ClInclude Include="uirumsaleform.h">
      <Filter>Header Files</Filter>
    </ClInclude>
    <ClInclude Include="UIRumSellForm.h">
      <Filter>Header Files</Filter>
    </ClInclude>
    <ClInclude Include="UIScript.h">
      <Filter>Header Files</Filter>
    </ClInclude>
    <ClInclude Include="UIScroll.h">
      <Filter>Header Files</Filter>
    </ClInclude>
    <ClInclude Include="UISkillCommand.h">
      <Filter>Header Files</Filter>
    </ClInclude>
    <ClInclude Include="UISkillList.h">
      <Filter>Header Files</Filter>
    </ClInclude>
    <ClInclude Include="UISpiritForm.h">
      <Filter>Header Files</Filter>
    </ClInclude>
    <ClInclude Include="UIStartForm.h">
      <Filter>Header Files</Filter>
    </ClInclude>
    <ClInclude Include="UIStateForm.h">
      <Filter>Header Files</Filter>
    </ClInclude>
    <ClInclude Include="UIStep.h">
      <Filter>Header Files</Filter>
    </ClInclude>
    <ClInclude Include="UIStoreForm.h">
      <Filter>Header Files</Filter>
    </ClInclude>
    <ClInclude Include="UISystemForm.h">
      <Filter>Header Files</Filter>
    </ClInclude>
    <ClInclude Include="UITeam.h">
      <Filter>Header Files</Filter>
    </ClInclude>
    <ClInclude Include="UITemplete.h">
      <Filter>Header Files</Filter>
    </ClInclude>
    <ClInclude Include="UITextButton.h">
      <Filter>Header Files</Filter>
    </ClInclude>
    <ClInclude Include="UITextParse.h">
      <Filter>Header Files</Filter>
    </ClInclude>
    <ClInclude Include="UITitle.h">
      <Filter>Header Files</Filter>
    </ClInclude>
    <ClInclude Include="UITradeForm.h">
      <Filter>Header Files</Filter>
    </ClInclude>
    <ClInclude Include="UITreeView.h">
      <Filter>Header Files</Filter>
    </ClInclude>
    <ClInclude Include="UIWebBrowser.h">
      <Filter>Header Files</Filter>
    </ClInclude>
    <ClInclude Include="WebBrowser.h">
      <Filter>Header Files</Filter>
    </ClInclude>
    <ClInclude Include="wequ.h">
      <Filter>Header Files</Filter>
    </ClInclude>
    <ClInclude Include="wmp3.h">
      <Filter>Header Files</Filter>
    </ClInclude>
    <ClInclude Include="wmp3decoder.h">
      <Filter>Header Files</Filter>
    </ClInclude>
    <ClInclude Include="WorldScene.h">
      <Filter>Header Files</Filter>
    </ClInclude>
    <ClInclude Include="wwave.h">
      <Filter>Header Files</Filter>
    </ClInclude>
    <ClInclude Include="xmlwriter.h">
      <Filter>Header Files</Filter>
    </ClInclude>
  </ItemGroup>
  <ItemGroup>
    <ClCompile Include="Actor.cpp">
      <Filter>Source Files</Filter>
    </ClCompile>
    <ClCompile Include="AppScript.cpp">
      <Filter>Source Files</Filter>
    </ClCompile>
    <ClCompile Include="ArcTrack.cpp">
      <Filter>Source Files</Filter>
    </ClCompile>
    <ClCompile Include="AudioThread.cpp">
      <Filter>Source Files</Filter>
    </ClCompile>
    <ClCompile Include="AutoAttack.cpp">
      <Filter>Source Files</Filter>
    </ClCompile>
    <ClCompile Include="BassLoader.cpp">
      <Filter>Source Files</Filter>
    </ClCompile>
    <ClCompile Include="BassMusicInterface.cpp">
      <Filter>Source Files</Filter>
    </ClCompile>
    <ClCompile Include="CameraCtrl.cpp">
      <Filter>Source Files</Filter>
    </ClCompile>
    <ClCompile Include="Character.cpp">
      <Filter>Source Files</Filter>
    </ClCompile>
    <ClCompile Include="CharacterAction.cpp">
      <Filter>Source Files</Filter>
    </ClCompile>
    <ClCompile Include="CharacterModel.cpp">
      <Filter>Source Files</Filter>
    </ClCompile>
    <ClCompile Include="ChaScript.cpp">
      <Filter>Source Files</Filter>
    </ClCompile>
    <ClCompile Include="ChaState.cpp">
      <Filter>Source Files</Filter>
    </ClCompile>
    <ClCompile Include="ChatRecord.cpp">
      <Filter>Source Files</Filter>
    </ClCompile>
    <ClCompile Include="Connection.cpp">
      <Filter>Source Files</Filter>
    </ClCompile>
    <ClCompile Include="CRCircle.cpp">
      <Filter>Source Files</Filter>
    </ClCompile>
    <ClCompile Include="CRCursor.cpp">
      <Filter>Source Files</Filter>
    </ClCompile>
    <ClCompile Include="CRCursorObj.cpp">
      <Filter>Source Files</Filter>
    </ClCompile>
    <ClCompile Include="CreateChaScene.cpp">
      <Filter>Source Files</Filter>
    </ClCompile>
    <ClCompile Include="d3des.cpp">
      <Filter>Source Files</Filter>
    </ClCompile>
    <ClCompile Include="DrawPointList.cpp">
      <Filter>Source Files</Filter>
    </ClCompile>
    <ClCompile Include="DSoundInstance.cpp">
      <Filter>Source Files</Filter>
    </ClCompile>
    <ClCompile Include="DSoundManager.cpp">
      <Filter>Source Files</Filter>
    </ClCompile>
    <ClCompile Include="EffDelay.cpp">
      <Filter>Source Files</Filter>
    </ClCompile>
    <ClCompile Include="EffectObj.cpp">
      <Filter>Source Files</Filter>
    </ClCompile>
    <ClCompile Include="Event.cpp">
      <Filter>Source Files</Filter>
    </ClCompile>
    <ClCompile Include="FindPath.cpp">
      <Filter>Source Files</Filter>
    </ClCompile>
    <ClCompile Include="FrndInviteFormMgr.cpp">
      <Filter>Source Files</Filter>
    </ClCompile>
    <ClCompile Include="GameAppFrameMove.cpp">
      <Filter>Source Files</Filter>
    </ClCompile>
    <ClCompile Include="GameAppInit.cpp">
      <Filter>Source Files</Filter>
    </ClCompile>
    <ClCompile Include="GameAppInterface.cpp">
      <Filter>Source Files</Filter>
    </ClCompile>
    <ClCompile Include="GameAppMsg.cpp">
      <Filter>Source Files</Filter>
    </ClCompile>
    <ClCompile Include="GameAppNet.cpp">
      <Filter>Source Files</Filter>
    </ClCompile>
    <ClCompile Include="GameAppRender.cpp">
      <Filter>Source Files</Filter>
    </ClCompile>
    <ClCompile Include="GameConfig.cpp">
      <Filter>Source Files</Filter>
    </ClCompile>
    <ClCompile Include="GameErrorReport.cpp">
      <Filter>Source Files</Filter>
    </ClCompile>
    <ClCompile Include="GameLoading.cpp">
      <Filter>Source Files</Filter>
    </ClCompile>
    <ClCompile Include="GameMovie.cpp">
      <Filter>Source Files</Filter>
    </ClCompile>
    <ClCompile Include="GameWG.cpp">
      <Filter>Source Files</Filter>
    </ClCompile>
    <ClCompile Include="GlobalVar.cpp">
      <Filter>Source Files</Filter>
    </ClCompile>
    <ClCompile Include="GuildData.cpp">
      <Filter>Source Files</Filter>
    </ClCompile>
    <ClCompile Include="GuildInviteFormMgr.cpp">
      <Filter>Source Files</Filter>
    </ClCompile>
    <ClCompile Include="GuildListData.cpp">
      <Filter>Source Files</Filter>
    </ClCompile>
    <ClCompile Include="GuildListMgr.cpp">
      <Filter>Source Files</Filter>
    </ClCompile>
    <ClCompile Include="GuildMemberData.cpp">
      <Filter>Source Files</Filter>
    </ClCompile>
    <ClCompile Include="GuildMembersMgr.cpp">
      <Filter>Source Files</Filter>
    </ClCompile>
    <ClCompile Include="HairTool.cpp">
      <Filter>Source Files</Filter>
    </ClCompile>
    <ClCompile Include="HMAttack.cpp">
      <Filter>Source Files</Filter>
    </ClCompile>
    <ClCompile Include="HMManage.cpp">
      <Filter>Source Files</Filter>
    </ClCompile>
    <ClCompile Include="HMSynchroObj.cpp">
      <Filter>Source Files</Filter>
    </ClCompile>
    <ClCompile Include="IsSkillUse.cpp">
      <Filter>Source Files</Filter>
    </ClCompile>
    <ClCompile Include="ItemLit.cpp">
      <Filter>Source Files</Filter>
    </ClCompile>
    <ClCompile Include="ItemLitAnim.cpp">
      <Filter>Source Files</Filter>
    </ClCompile>
    <ClCompile Include="LitLoad.cpp">
      <Filter>Source Files</Filter>
    </ClCompile>
    <ClCompile Include="LoginScene.cpp">
      <Filter>Source Files</Filter>
    </ClCompile>
    <ClCompile Include="lua_platform.cpp">
      <Filter>Source Files</Filter>
    </ClCompile>
    <ClCompile Include="Main.cpp">
      <Filter>Source Files</Filter>
    </ClCompile>
    <ClCompile Include="MouseDown.cpp">
      <Filter>Source Files</Filter>
    </ClCompile>
    <ClCompile Include="MPEditor.cpp">
      <Filter>Source Files</Filter>
    </ClCompile>
    <ClCompile Include="MusicThread.cpp">
      <Filter>Source Files</Filter>
    </ClCompile>
    <ClCompile Include="NetChat.cpp">
      <Filter>Source Files</Filter>
    </ClCompile>
    <ClCompile Include="NetGuild.cpp">
      <Filter>Source Files</Filter>
    </ClCompile>
    <ClCompile Include="NetIF.cpp">
      <Filter>Source Files</Filter>
    </ClCompile>
    <ClCompile Include="NetPkChat.cpp">
      <Filter>Source Files</Filter>
    </ClCompile>
    <ClCompile Include="NetPkGuild.cpp">
      <Filter>Source Files</Filter>
    </ClCompile>
    <ClCompile Include="NetProtocol.cpp">
      <Filter>Source Files</Filter>
    </ClCompile>
    <ClCompile Include="NPCHelper.cpp">
      <Filter>Source Files</Filter>
    </ClCompile>
    <ClCompile Include="PacketCmd_CS.cpp">
      <Filter>Source Files</Filter>
    </ClCompile>
    <ClCompile Include="PacketCmd_SC.cpp">
      <Filter>Source Files</Filter>
    </ClCompile>
    <ClCompile Include="PackFile.cpp">
      <Filter>Source Files</Filter>
    </ClCompile>
    <ClCompile Include="ProCirculateCC.cpp">
      <Filter>Source Files</Filter>
    </ClCompile>
    <ClCompile Include="ProCirculateCS.cpp">
      <Filter>Source Files</Filter>
    </ClCompile>
    <ClCompile Include="RecruitMemberData.cpp">
      <Filter>Source Files</Filter>
    </ClCompile>
    <ClCompile Include="RecruitMembersMgr.cpp">
      <Filter>Source Files</Filter>
    </ClCompile>
    <ClCompile Include="RenderStateMgr.cpp">
      <Filter>Source Files</Filter>
    </ClCompile>
    <ClCompile Include="Scene.cpp">
      <Filter>Source Files</Filter>
    </ClCompile>
    <ClCompile Include="SceneArea.cpp">
      <Filter>Source Files</Filter>
    </ClCompile>
    <ClCompile Include="SceneCreateNode.cpp">
      <Filter>Source Files</Filter>
    </ClCompile>
    <ClCompile Include="SceneFrameMove.cpp">
      <Filter>Source Files</Filter>
    </ClCompile>
    <ClCompile Include="SceneItem.cpp">
      <Filter>Source Files</Filter>
    </ClCompile>
    <ClCompile Include="SceneLight.cpp">
      <Filter>Source Files</Filter>
    </ClCompile>
    <ClCompile Include="SceneMsg.cpp">
      <Filter>Source Files</Filter>
    </ClCompile>
    <ClCompile Include="SceneNode.cpp">
      <Filter>Source Files</Filter>
    </ClCompile>
    <ClCompile Include="SceneObj.cpp">
      <Filter>Source Files</Filter>
    </ClCompile>
    <ClCompile Include="SceneObjFile.cpp">
      <Filter>Source Files</Filter>
    </ClCompile>
    <ClCompile Include="SceneRender.cpp">
      <Filter>Source Files</Filter>
    </ClCompile>
    <ClCompile Include="SceneScript.cpp">
      <Filter>Source Files</Filter>
    </ClCompile>
    <ClCompile Include="SceneSign.cpp">
      <Filter>Source Files</Filter>
    </ClCompile>
    <ClCompile Include="Script.cpp">
      <Filter>Source Files</Filter>
    </ClCompile>
    <ClCompile Include="SelectChaScene.cpp">
      <Filter>Source Files</Filter>
    </ClCompile>
    <ClCompile Include="ShipFactory.cpp">
      <Filter>Source Files</Filter>
    </ClCompile>
    <ClCompile Include="SMallMap.cpp">
      <Filter>Source Files</Filter>
    </ClCompile>
    <ClCompile Include="SoundCommon.cpp">
      <Filter>Source Files</Filter>
    </ClCompile>
    <ClCompile Include="state_reading.cpp">
      <Filter>Source Files</Filter>
    </ClCompile>
    <ClCompile Include="STAttack.cpp">
      <Filter>Source Files</Filter>
    </ClCompile>
    <ClCompile Include="stdafx.cpp">
      <Filter>Source Files</Filter>
    </ClCompile>
    <ClCompile Include="SteadyFrame.cpp">
      <Filter>Source Files</Filter>
    </ClCompile>
    <ClCompile Include="STMove.cpp">
      <Filter>Source Files</Filter>
    </ClCompile>
    <ClCompile Include="STNpcTalk.cpp">
      <Filter>Source Files</Filter>
    </ClCompile>
    <ClCompile Include="STPose.cpp">
      <Filter>Source Files</Filter>
    </ClCompile>
    <ClCompile Include="STReadyDie.cpp">
      <Filter>Source Files</Filter>
    </ClCompile>
    <ClCompile Include="STSeat.cpp">
      <Filter>Source Files</Filter>
    </ClCompile>
    <ClCompile Include="STStateObj.cpp">
      <Filter>Source Files</Filter>
    </ClCompile>
    <ClCompile Include="TalkSessionFormMgr.cpp">
      <Filter>Source Files</Filter>
    </ClCompile>
    <ClCompile Include="TeamInviteFormMgr.cpp">
      <Filter>Source Files</Filter>
    </ClCompile>
    <ClCompile Include="TestDemo.cpp">
      <Filter>Source Files</Filter>
    </ClCompile>
    <ClCompile Include="ThreadBase.cpp">
      <Filter>Source Files</Filter>
    </ClCompile>
    <ClCompile Include="Tools.cpp">
      <Filter>Source Files</Filter>
    </ClCompile>
    <ClCompile Include="UI3DCompent.cpp">
      <Filter>Source Files</Filter>
    </ClCompile>
    <ClCompile Include="UIAllButtonForm.cpp">
      <Filter>Source Files</Filter>
    </ClCompile>
    <ClCompile Include="UIBakGhostForm.cpp">
      <Filter>Source Files</Filter>
    </ClCompile>
    <ClCompile Include="UIBankForm.cpp">
      <Filter>Source Files</Filter>
    </ClCompile>
    <ClCompile Include="UIBoatForm.cpp">
      <Filter>Source Files</Filter>
    </ClCompile>
    <ClCompile Include="UIBoothForm.cpp">
      <Filter>Source Files</Filter>
    </ClCompile>
    <ClCompile Include="UIBourseForm.cpp">
      <Filter>Source Files</Filter>
    </ClCompile>
    <ClCompile Include="UIBoxForm.cpp">
      <Filter>Source Files</Filter>
    </ClCompile>
    <ClCompile Include="UIBreakForm.cpp">
      <Filter>Source Files</Filter>
    </ClCompile>
    <ClCompile Include="UIChaInfo.cpp">
      <Filter>Source Files</Filter>
    </ClCompile>
    <ClCompile Include="UIChat.cpp">
      <Filter>Source Files</Filter>
    </ClCompile>
    <ClCompile Include="UICheckBox.cpp">
      <Filter>Source Files</Filter>
    </ClCompile>
    <ClCompile Include="UICheckBoxItem.cpp">
      <Filter>Source Files</Filter>
    </ClCompile>
    <ClCompile Include="UIChurchChallenge.cpp">
      <Filter>Source Files</Filter>
    </ClCompile>
    <ClCompile Include="UICloneForm.cpp">
      <Filter>Source Files</Filter>
    </ClCompile>
    <ClCompile Include="UICombo.cpp">
      <Filter>Source Files</Filter>
    </ClCompile>
    <ClCompile Include="UICommand.cpp">
      <Filter>Source Files</Filter>
    </ClCompile>
    <ClCompile Include="UICommandCompent.cpp">
      <Filter>Source Files</Filter>
    </ClCompile>
    <ClCompile Include="UICompent.cpp">
      <Filter>Source Files</Filter>
    </ClCompile>
    <ClCompile Include="UIComposeForm.cpp">
      <Filter>Source Files</Filter>
    </ClCompile>
    <ClCompile Include="UICookingForm.cpp">
      <Filter>Source Files</Filter>
    </ClCompile>
    <ClCompile Include="UICozeForm.cpp">
      <Filter>Source Files</Filter>
    </ClCompile>
    <ClCompile Include="UICursor.cpp">
      <Filter>Source Files</Filter>
    </ClCompile>
    <ClCompile Include="UIDoublePwdForm.cpp">
      <Filter>Source Files</Filter>
    </ClCompile>
    <ClCompile Include="UIDragTitle.cpp">
      <Filter>Source Files</Filter>
    </ClCompile>
    <ClCompile Include="UIEdit.cpp">
      <Filter>Source Files</Filter>
    </ClCompile>
    <ClCompile Include="UIEditData.cpp">
      <Filter>Source Files</Filter>
    </ClCompile>
    <ClCompile Include="UIEditKey.cpp">
      <Filter>Source Files</Filter>
    </ClCompile>
    <ClCompile Include="UIEditor.cpp">
      <Filter>Source Files</Filter>
    </ClCompile>
    <ClCompile Include="UIEditStrategy.cpp">
      <Filter>Source Files</Filter>
    </ClCompile>
    <ClCompile Include="UIEquipForm.cpp">
      <Filter>Source Files</Filter>
    </ClCompile>
    <ClCompile Include="UIFastCommand.cpp">
      <Filter>Source Files</Filter>
    </ClCompile>
    <ClCompile Include="UIFindTeamForm.cpp">
      <Filter>Source Files</Filter>
    </ClCompile>
    <ClCompile Include="UIFont.cpp">
      <Filter>Source Files</Filter>
    </ClCompile>
    <ClCompile Include="UIForgeForm.cpp">
      <Filter>Source Files</Filter>
    </ClCompile>
    <ClCompile Include="UIForgeMoveForm.cpp">
      <Filter>Source Files</Filter>
    </ClCompile>
    <ClCompile Include="UIForm.cpp">
      <Filter>Source Files</Filter>
    </ClCompile>
    <ClCompile Include="UIFormMgr.cpp">
      <Filter>Source Files</Filter>
    </ClCompile>
    <ClCompile Include="UIFoundForm.cpp">
      <Filter>Source Files</Filter>
    </ClCompile>
    <ClCompile Include="UIGlobalVar.cpp">
      <Filter>Source Files</Filter>
    </ClCompile>
    <ClCompile Include="UIGoodsGrid.cpp">
      <Filter>Source Files</Filter>
    </ClCompile>
    <ClCompile Include="UIGraph.cpp">
      <Filter>Source Files</Filter>
    </ClCompile>
    <ClCompile Include="UIGrid.cpp">
      <Filter>Source Files</Filter>
    </ClCompile>
    <ClCompile Include="UIGuiData.cpp">
      <Filter>Source Files</Filter>
    </ClCompile>
    <ClCompile Include="UIGuildApply.cpp">
      <Filter>Source Files</Filter>
    </ClCompile>
    <ClCompile Include="UIGuildChallengeForm.cpp">
      <Filter>Source Files</Filter>
    </ClCompile>
    <ClCompile Include="UIGuildList.cpp">
      <Filter>Source Files</Filter>
    </ClCompile>
    <ClCompile Include="UIGuildMgr.cpp">
      <Filter>Source Files</Filter>
    </ClCompile>
    <ClCompile Include="UIHaircutForm.cpp">
      <Filter>Source Files</Filter>
    </ClCompile>
    <ClCompile Include="UIHeadSay.cpp">
      <Filter>Source Files</Filter>
    </ClCompile>
    <ClCompile Include="UIHelpInfoForm.cpp">
      <Filter>Source Files</Filter>
    </ClCompile>
    <ClCompile Include="UIImage.cpp">
      <Filter>Source Files</Filter>
    </ClCompile>
    <ClCompile Include="UIImeInput.cpp">
      <Filter>Source Files</Filter>
    </ClCompile>
    <ClCompile Include="UIItem.cpp">
      <Filter>Source Files</Filter>
    </ClCompile>
    <ClCompile Include="UIItemCommand.cpp">
      <Filter>Source Files</Filter>
    </ClCompile>
    <ClCompile Include="UIItemReForm.cpp">
      <Filter>Source Files</Filter>
    </ClCompile>
    <ClCompile Include="UIJewelryUpForm.cpp">
      <Filter>Source Files</Filter>
    </ClCompile>
    <ClCompile Include="UILabel.cpp">
      <Filter>Source Files</Filter>
    </ClCompile>
    <ClCompile Include="UIList.cpp">
      <Filter>Source Files</Filter>
    </ClCompile>
    <ClCompile Include="UIListView.cpp">
      <Filter>Source Files</Filter>
    </ClCompile>
    <ClCompile Include="UIMailForm.cpp">
      <Filter>Source Files</Filter>
    </ClCompile>
    <ClCompile Include="UIMakeEquipForm.cpp">
      <Filter>Source Files</Filter>
    </ClCompile>
    <ClCompile Include="UIMemo.cpp">
      <Filter>Source Files</Filter>
    </ClCompile>
    <ClCompile Include="UIMenu.cpp">
      <Filter>Source Files</Filter>
    </ClCompile>
    <ClCompile Include="UIMinimapForm.cpp">
      <Filter>Source Files</Filter>
    </ClCompile>
    <ClCompile Include="UIMisLogForm.cpp">
      <Filter>Source Files</Filter>
    </ClCompile>
    <ClCompile Include="UIMissionForm.cpp">
      <Filter>Source Files</Filter>
    </ClCompile>
    <ClCompile Include="UINpcTalkForm.cpp">
      <Filter>Source Files</Filter>
    </ClCompile>
    <ClCompile Include="UINpcTradeForm.cpp">
      <Filter>Source Files</Filter>
    </ClCompile>
    <ClCompile Include="UINumAnswer.cpp">
      <Filter>Source Files</Filter>
    </ClCompile>
    <ClCompile Include="UIPage.cpp">
      <Filter>Source Files</Filter>
    </ClCompile>
    <ClCompile Include="UIPicList.cpp">
      <Filter>Source Files</Filter>
    </ClCompile>
    <ClCompile Include="UIPicture.cpp">
      <Filter>Source Files</Filter>
    </ClCompile>
    <ClCompile Include="UIPKDialog.cpp">
      <Filter>Source Files</Filter>
    </ClCompile>
    <ClCompile Include="UIPKSilverForm.cpp">
      <Filter>Source Files</Filter>
    </ClCompile>
    <ClCompile Include="UIProgressBar.cpp">
      <Filter>Source Files</Filter>
    </ClCompile>
    <ClCompile Include="UIPurifyForm.cpp">
      <Filter>Source Files</Filter>
    </ClCompile>
    <ClCompile Include="UIRender.cpp">
      <Filter>Source Files</Filter>
    </ClCompile>
    <ClCompile Include="UIRichEdit.cpp">
      <Filter>Source Files</Filter>
    </ClCompile>
    <ClCompile Include="UIRumBuyForm.cpp">
      <Filter>Source Files</Filter>
    </ClCompile>
    <ClCompile Include="UIRumDealForm.cpp">
      <Filter>Source Files</Filter>
    </ClCompile>
    <ClCompile Include="UIRumGetForm.cpp">
      <Filter>Source Files</Filter>
    </ClCompile>
    <ClCompile Include="uirumpurform.cpp">
      <Filter>Source Files</Filter>
    </ClCompile>
    <ClCompile Include="uirumsaleform.cpp">
      <Filter>Source Files</Filter>
    </ClCompile>
    <ClCompile Include="UIRumSellForm.cpp">
      <Filter>Source Files</Filter>
    </ClCompile>
    <ClCompile Include="UIScript.cpp">
      <Filter>Source Files</Filter>
    </ClCompile>
    <ClCompile Include="UIScroll.cpp">
      <Filter>Source Files</Filter>
    </ClCompile>
    <ClCompile Include="UISkillCommand.cpp">
      <Filter>Source Files</Filter>
    </ClCompile>
    <ClCompile Include="UISkillList.cpp">
      <Filter>Source Files</Filter>
    </ClCompile>
    <ClCompile Include="UISpiritForm.cpp">
      <Filter>Source Files</Filter>
    </ClCompile>
    <ClCompile Include="UIStartForm.cpp">
      <Filter>Source Files</Filter>
    </ClCompile>
    <ClCompile Include="UIStateForm.cpp">
      <Filter>Source Files</Filter>
    </ClCompile>
    <ClCompile Include="UIStoreForm.cpp">
      <Filter>Source Files</Filter>
    </ClCompile>
    <ClCompile Include="UISystemForm.cpp">
      <Filter>Source Files</Filter>
    </ClCompile>
    <ClCompile Include="UITeam.cpp">
      <Filter>Source Files</Filter>
    </ClCompile>
    <ClCompile Include="UITextButton.cpp">
      <Filter>Source Files</Filter>
    </ClCompile>
    <ClCompile Include="UITextParse.cpp">
      <Filter>Source Files</Filter>
    </ClCompile>
    <ClCompile Include="UITitle.cpp">
      <Filter>Source Files</Filter>
    </ClCompile>
    <ClCompile Include="UITradeForm.cpp">
      <Filter>Source Files</Filter>
    </ClCompile>
    <ClCompile Include="UITreeView.cpp">
      <Filter>Source Files</Filter>
    </ClCompile>
    <ClCompile Include="UIWebBrowser.cpp">
      <Filter>Source Files</Filter>
    </ClCompile>
    <ClCompile Include="WebBrowser.cpp">
      <Filter>Source Files</Filter>
    </ClCompile>
    <ClCompile Include="wequ.cpp">
      <Filter>Source Files</Filter>
    </ClCompile>
    <ClCompile Include="wmp3.cpp">
      <Filter>Source Files</Filter>
    </ClCompile>
    <ClCompile Include="wmp3decoder.cpp">
      <Filter>Source Files</Filter>
    </ClCompile>
    <ClCompile Include="WorldScene.cpp">
      <Filter>Source Files</Filter>
    </ClCompile>
    <ClCompile Include="wwave.cpp">
      <Filter>Source Files</Filter>
    </ClCompile>
  </ItemGroup>
  <ItemGroup>
    <Image Include="kop.ico">
      <Filter>Resource Files</Filter>
    </Image>
    <Image Include="nagesha.ico">
      <Filter>Resource Files</Filter>
    </Image>
    <Image Include="small.ico">
      <Filter>Resource Files</Filter>
    </Image>
  </ItemGroup>
  <ItemGroup>
    <ResourceCompile Include="kop.rc">
      <Filter>Resource Files</Filter>
    </ResourceCompile>
  </ItemGroup>
</Project>