<?xml version="1.0" encoding="utf-8"?>
<Project ToolsVersion="4.0" xmlns="http://schemas.microsoft.com/developer/msbuild/2003">
  <ItemGroup>
    <Filter Include="Source Files">
      <UniqueIdentifier>{4FC737F1-C7A5-4376-A066-2A32D752A2FF}</UniqueIdentifier>
      <Extensions>cpp;c;cc;cxx;c++;cppm;ixx;def;odl;idl;hpj;bat;asm;asmx</Extensions>
    </Filter>
    <Filter Include="Header Files">
      <UniqueIdentifier>{93995380-89BD-4b04-88EB-625FBE52EBFB}</UniqueIdentifier>
      <Extensions>h;hh;hpp;hxx;h++;hm;inl;inc;ipp;xsd</Extensions>
    </Filter>
    <Filter Include="Resource Files">
      <UniqueIdentifier>{67DA6AB6-F800-4c08-8B7A-83BB121AAD01}</UniqueIdentifier>
      <Extensions>rc;ico;cur;bmp;dlg;rc2;rct;bin;rgs;gif;jpg;jpeg;jpe;resx;tiff;tif;png;wav;mfcribbon-ms</Extensions>
    </Filter>
  </ItemGroup>
  <ItemGroup>
    <ClInclude Include="Action.h">
      <Filter>Header Files</Filter>
    </ClInclude>
    <ClInclude Include="Attachable.h">
      <Filter>Header Files</Filter>
    </ClInclude>
    <ClInclude Include="AttachManage.h">
      <Filter>Header Files</Filter>
    </ClInclude>
    <ClInclude Include="Auction.h">
      <Filter>Header Files</Filter>
    </ClInclude>
    <ClInclude Include="AuctionItem.h">
      <Filter>Header Files</Filter>
    </ClInclude>
    <ClInclude Include="Birthplace.h">
      <Filter>Header Files</Filter>
    </ClInclude>
    <ClInclude Include="CallStack.h">
      <Filter>Header Files</Filter>
    </ClInclude>
    <ClInclude Include="cfl_iocp.h">
      <Filter>Header Files</Filter>
    </ClInclude>
    <ClInclude Include="cfl_lock.h">
      <Filter>Header Files</Filter>
    </ClInclude>
    <ClInclude Include="cfl_mempool.h">
      <Filter>Header Files</Filter>
    </ClInclude>
    <ClInclude Include="cfl_pkt.h">
      <Filter>Header Files</Filter>
    </ClInclude>
    <ClInclude Include="Character.h">
      <Filter>Header Files</Filter>
    </ClInclude>
    <ClInclude Include="CharBoat.h">
      <Filter>Header Files</Filter>
    </ClInclude>
    <ClInclude Include="CharScript.h">
      <Filter>Header Files</Filter>
    </ClInclude>
    <ClInclude Include="CharStall.h">
      <Filter>Header Files</Filter>
    </ClInclude>
    <ClInclude Include="CharTrade.h">
      <Filter>Header Files</Filter>
    </ClInclude>
    <ClInclude Include="Config.h">
      <Filter>Header Files</Filter>
    </ClInclude>
    <ClInclude Include="Entity.h">
      <Filter>Header Files</Filter>
    </ClInclude>
    <ClInclude Include="EntityAlloc.h">
      <Filter>Header Files</Filter>
    </ClInclude>
    <ClInclude Include="EntityScript.h">
      <Filter>Header Files</Filter>
    </ClInclude>
    <ClInclude Include="EntitySpawn.h">
      <Filter>Header Files</Filter>
    </ClInclude>
    <ClInclude Include="Event.h">
      <Filter>Header Files</Filter>
    </ClInclude>
    <ClInclude Include="EventEntity.h">
      <Filter>Header Files</Filter>
    </ClInclude>
    <ClInclude Include="EventHandler.h">
      <Filter>Header Files</Filter>
    </ClInclude>
    <ClInclude Include="Expand.h">
      <Filter>Header Files</Filter>
    </ClInclude>
    <ClInclude Include="EyeshotCell.h">
      <Filter>Header Files</Filter>
    </ClInclude>
    <ClInclude Include="FightAble.h">
      <Filter>Header Files</Filter>
    </ClInclude>
    <ClInclude Include="FindPath.h">
      <Filter>Header Files</Filter>
    </ClInclude>
    <ClInclude Include="GameApp.h">
      <Filter>Header Files</Filter>
    </ClInclude>
    <ClInclude Include="GameAppNet.h">
      <Filter>Header Files</Filter>
    </ClInclude>
    <ClInclude Include="GameDB.h">
      <Filter>Header Files</Filter>
    </ClInclude>
    <ClInclude Include="GameServer.h">
      <Filter>Header Files</Filter>
    </ClInclude>
    <ClInclude Include="GameServerApp.h">
      <Filter>Header Files</Filter>
    </ClInclude>
    <ClInclude Include="GateServer.h">
      <Filter>Header Files</Filter>
    </ClInclude>
    <ClInclude Include="gmsvr.h">
      <Filter>Header Files</Filter>
    </ClInclude>
    <ClInclude Include="gtplayer.h">
      <Filter>Header Files</Filter>
    </ClInclude>
    <ClInclude Include="Guild.h">
      <Filter>Header Files</Filter>
    </ClInclude>
    <ClInclude Include="HarmRec.h">
      <Filter>Header Files</Filter>
    </ClInclude>
    <ClInclude Include="Identity.h">
      <Filter>Header Files</Filter>
    </ClInclude>
    <ClInclude Include="Item.h">
      <Filter>Header Files</Filter>
    </ClInclude>
    <ClInclude Include="lua_gamectrl.h">
      <Filter>Header Files</Filter>
    </ClInclude>
    <ClInclude Include="lua_gamectrl2.h">
      <Filter>Header Files</Filter>
    </ClInclude>
    <ClInclude Include="MapEntry.h">
      <Filter>Header Files</Filter>
    </ClInclude>
    <ClInclude Include="MapRes.h">
      <Filter>Header Files</Filter>
    </ClInclude>
    <ClInclude Include="MapTrigger.h">
      <Filter>Header Files</Filter>
    </ClInclude>
    <ClInclude Include="Mission.h">
      <Filter>Header Files</Filter>
    </ClInclude>
    <ClInclude Include="MoveAble.h">
      <Filter>Header Files</Filter>
    </ClInclude>
    <ClInclude Include="MsgQueue.h">
      <Filter>Header Files</Filter>
    </ClInclude>
    <ClInclude Include="NoLockrecord.h">
      <Filter>Header Files</Filter>
    </ClInclude>
    <ClInclude Include="NPC.h">
      <Filter>Header Files</Filter>
    </ClInclude>
    <ClInclude Include="NpcScript.h">
      <Filter>Header Files</Filter>
    </ClInclude>
    <ClInclude Include="Parser.h">
      <Filter>Header Files</Filter>
    </ClInclude>
    <ClInclude Include="PicSet.h">
      <Filter>Header Files</Filter>
    </ClInclude>
    <ClInclude Include="Picture.h">
      <Filter>Header Files</Filter>
    </ClInclude>
    <ClInclude Include="Player.h">
      <Filter>Header Files</Filter>
    </ClInclude>
    <ClInclude Include="ProfileMonitor.h">
      <Filter>Header Files</Filter>
    </ClInclude>
    <ClInclude Include="Range.h">
      <Filter>Header Files</Filter>
    </ClInclude>
    <ClInclude Include="resource.h">
      <Filter>Header Files</Filter>
    </ClInclude>
    <ClInclude Include="RoleData.h">
      <Filter>Header Files</Filter>
    </ClInclude>
    <ClInclude Include="Script.h">
      <Filter>Header Files</Filter>
    </ClInclude>
    <ClInclude Include="SkillState.h">
      <Filter>Header Files</Filter>
    </ClInclude>
    <ClInclude Include="SkillTemp.h">
      <Filter>Header Files</Filter>
    </ClInclude>
    <ClInclude Include="StackWalker.h">
      <Filter>Header Files</Filter>
    </ClInclude>
    <ClInclude Include="StateCell.h">
      <Filter>Header Files</Filter>
    </ClInclude>
    <ClInclude Include="stdafx.h">
      <Filter>Header Files</Filter>
    </ClInclude>
    <ClInclude Include="SubMap.h">
      <Filter>Header Files</Filter>
    </ClInclude>
    <ClInclude Include="SystemDialog.h">
      <Filter>Header Files</Filter>
    </ClInclude>
    <ClInclude Include="Timer.h">
      <Filter>Header Files</Filter>
    </ClInclude>
    <ClInclude Include="TradeLogDB.h">
      <Filter>Header Files</Filter>
    </ClInclude>
    <ClInclude Include="UnMovable.h">
      <Filter>Header Files</Filter>
    </ClInclude>
    <ClInclude Include="Usage.h">
      <Filter>Header Files</Filter>
    </ClInclude>
    <ClInclude Include="Weather.h">
      <Filter>Header Files</Filter>
    </ClInclude>
    <ClInclude Include="WorldEudemon.h">
      <Filter>Header Files</Filter>
    </ClInclude>
    <ClInclude Include="xString.h">
      <Filter>Header Files</Filter>
    </ClInclude>
  </ItemGroup>
  <ItemGroup>
    <ClCompile Include="Action.cpp">
      <Filter>Source Files</Filter>
    </ClCompile>
    <ClCompile Include="Attachable.cpp">
      <Filter>Source Files</Filter>
    </ClCompile>
    <ClCompile Include="AttachManage.cpp">
      <Filter>Source Files</Filter>
    </ClCompile>
    <ClCompile Include="Auction.cpp">
      <Filter>Source Files</Filter>
    </ClCompile>
    <ClCompile Include="AuctionItem.cpp">
      <Filter>Source Files</Filter>
    </ClCompile>
    <ClCompile Include="Birthplace.cpp">
      <Filter>Source Files</Filter>
    </ClCompile>
    <ClCompile Include="cfl_iocp.cpp">
      <Filter>Source Files</Filter>
    </ClCompile>
    <ClCompile Include="cfl_lock.cpp">
      <Filter>Source Files</Filter>
    </ClCompile>
    <ClCompile Include="Character.cpp">
      <Filter>Source Files</Filter>
    </ClCompile>
    <ClCompile Include="CharacterAI.cpp">
      <Filter>Source Files</Filter>
    </ClCompile>
    <ClCompile Include="CharacterAIState.cpp">
      <Filter>Source Files</Filter>
    </ClCompile>
    <ClCompile Include="CharacterCmd.cpp">
      <Filter>Source Files</Filter>
    </ClCompile>
    <ClCompile Include="CharacterPacket.cpp">
      <Filter>Source Files</Filter>
    </ClCompile>
    <ClCompile Include="CharacterPrl.cpp">
      <Filter>Source Files</Filter>
    </ClCompile>
    <ClCompile Include="CharacterRun.cpp">
      <Filter>Source Files</Filter>
    </ClCompile>
    <ClCompile Include="CharacterSuperCmd.cpp">
      <Filter>Source Files</Filter>
    </ClCompile>
    <ClCompile Include="CharBoat.cpp">
      <Filter>Source Files</Filter>
    </ClCompile>
    <ClCompile Include="CharScript.cpp">
      <Filter>Source Files</Filter>
    </ClCompile>
    <ClCompile Include="CharStall.cpp">
      <Filter>Source Files</Filter>
    </ClCompile>
    <ClCompile Include="CharTrade.cpp">
      <Filter>Source Files</Filter>
    </ClCompile>
    <ClCompile Include="Config.cpp">
      <Filter>Source Files</Filter>
    </ClCompile>
    <ClCompile Include="Entity.cpp">
      <Filter>Source Files</Filter>
    </ClCompile>
    <ClCompile Include="EntityAlloc.cpp">
      <Filter>Source Files</Filter>
    </ClCompile>
    <ClCompile Include="EntityScript.cpp">
      <Filter>Source Files</Filter>
    </ClCompile>
    <ClCompile Include="EntitySpawn.cpp">
      <Filter>Source Files</Filter>
    </ClCompile>
    <ClCompile Include="EventCalculate.cpp">
      <Filter>Source Files</Filter>
    </ClCompile>
    <ClCompile Include="EventEntity.cpp">
      <Filter>Source Files</Filter>
    </ClCompile>
    <ClCompile Include="EventHandler.cpp">
      <Filter>Source Files</Filter>
    </ClCompile>
    <ClCompile Include="EyeshotCell.cpp">
      <Filter>Source Files</Filter>
    </ClCompile>
    <ClCompile Include="FightAble.cpp">
      <Filter>Source Files</Filter>
    </ClCompile>
    <ClCompile Include="FindPath.cpp">
      <Filter>Source Files</Filter>
    </ClCompile>
    <ClCompile Include="GameApp.cpp">
      <Filter>Source Files</Filter>
    </ClCompile>
    <ClCompile Include="GameAppNet.cpp">
      <Filter>Source Files</Filter>
    </ClCompile>
    <ClCompile Include="GameDB.cpp">
      <Filter>Source Files</Filter>
    </ClCompile>
    <ClCompile Include="GameServerApp.cpp">
      <Filter>Source Files</Filter>
    </ClCompile>
    <ClCompile Include="GameSMain.cpp">
      <Filter>Source Files</Filter>
    </ClCompile>
    <ClCompile Include="gmsvr.cpp">
      <Filter>Source Files</Filter>
    </ClCompile>
    <ClCompile Include="Guild.cpp">
      <Filter>Source Files</Filter>
    </ClCompile>
    <ClCompile Include="HarmRec.cpp">
      <Filter>Source Files</Filter>
    </ClCompile>
    <ClCompile Include="Item.cpp">
      <Filter>Source Files</Filter>
    </ClCompile>
    <ClCompile Include="lua_gamectrl.cpp">
      <Filter>Source Files</Filter>
    </ClCompile>
    <ClCompile Include="MapEntry.cpp">
      <Filter>Source Files</Filter>
    </ClCompile>
    <ClCompile Include="MapRes.cpp">
      <Filter>Source Files</Filter>
    </ClCompile>
    <ClCompile Include="MapTrigger.cpp">
      <Filter>Source Files</Filter>
    </ClCompile>
    <ClCompile Include="Mission.cpp">
      <Filter>Source Files</Filter>
    </ClCompile>
    <ClCompile Include="MoveAble.cpp">
      <Filter>Source Files</Filter>
    </ClCompile>
    <ClCompile Include="NoLockRecord.cpp">
      <Filter>Source Files</Filter>
    </ClCompile>
    <ClCompile Include="NPC.cpp">
      <Filter>Source Files</Filter>
    </ClCompile>
    <ClCompile Include="NpcScript.cpp">
      <Filter>Source Files</Filter>
    </ClCompile>
    <ClCompile Include="Parser.cpp">
      <Filter>Source Files</Filter>
    </ClCompile>
    <ClCompile Include="PicSet.cpp">
      <Filter>Source Files</Filter>
    </ClCompile>
    <ClCompile Include="Picture.cpp">
      <Filter>Source Files</Filter>
    </ClCompile>
    <ClCompile Include="Player.cpp">
      <Filter>Source Files</Filter>
    </ClCompile>
    <ClCompile Include="ProfileMonitor.cpp">
      <Filter>Source Files</Filter>
    </ClCompile>
    <ClCompile Include="Script.cpp">
      <Filter>Source Files</Filter>
    </ClCompile>
    <ClCompile Include="StackWalker.cpp">
      <Filter>Source Files</Filter>
    </ClCompile>
    <ClCompile Include="StateCell.cpp">
      <Filter>Source Files</Filter>
    </ClCompile>
    <ClCompile Include="stdafx.cpp">
      <Filter>Source Files</Filter>
    </ClCompile>
    <ClCompile Include="SubMap.cpp">
      <Filter>Source Files</Filter>
    </ClCompile>
    <ClCompile Include="SystemDialog.cpp">
      <Filter>Source Files</Filter>
    </ClCompile>
    <ClCompile Include="TradeLogDB.cpp">
      <Filter>Source Files</Filter>
    </ClCompile>
    <ClCompile Include="Weather.cpp">
      <Filter>Source Files</Filter>
    </ClCompile>
    <ClCompile Include="WorldEudemon.cpp">
      <Filter>Source Files</Filter>
    </ClCompile>
    <ClCompile Include="xString.cpp">
      <Filter>Source Files</Filter>
    </ClCompile>
  </ItemGroup>
  <ItemGroup>
    <ResourceCompile Include="GameServer.rc">
      <Filter>Resource Files</Filter>
    </ResourceCompile>
  </ItemGroup>
</Project>